// !$*UTF8*$!
{
	archiveVersion = 1;
	classes = {
	};
	objectVersion = 56;
	objects = {

/* Begin PBXBuildFile section */
		E90A6DCE297BFF60009A1788 /* AppDelegate.swift in Sources */ = {isa = PBXBuildFile; fileRef = E90A6DCD297BFF60009A1788 /* AppDelegate.swift */; };
		E90A6DD0297BFF60009A1788 /* SceneDelegate.swift in Sources */ = {isa = PBXBuildFile; fileRef = E90A6DCF297BFF60009A1788 /* SceneDelegate.swift */; };
		E90A6DD2297BFF60009A1788 /* ViewController.swift in Sources */ = {isa = PBXBuildFile; fileRef = E90A6DD1297BFF60009A1788 /* ViewController.swift */; };
		E90A6DD5297BFF60009A1788 /* Main.storyboard in Resources */ = {isa = PBXBuildFile; fileRef = E90A6DD3297BFF60009A1788 /* Main.storyboard */; };
		E90A6DD7297BFF61009A1788 /* Assets.xcassets in Resources */ = {isa = PBXBuildFile; fileRef = E90A6DD6297BFF61009A1788 /* Assets.xcassets */; };
		E90A6DDA297BFF61009A1788 /* LaunchScreen.storyboard in Resources */ = {isa = PBXBuildFile; fileRef = E90A6DD8297BFF61009A1788 /* LaunchScreen.storyboard */; };
		E90A6DE5297BFF61009A1788 /* CaseStudyTests.swift in Sources */ = {isa = PBXBuildFile; fileRef = E90A6DE4297BFF61009A1788 /* CaseStudyTests.swift */; };
		E90A6DEF297BFF61009A1788 /* CaseStudyUITests.swift in Sources */ = {isa = PBXBuildFile; fileRef = E90A6DEE297BFF61009A1788 /* CaseStudyUITests.swift */; };
		E90A6DF1297BFF61009A1788 /* CaseStudyUITestsLaunchTests.swift in Sources */ = {isa = PBXBuildFile; fileRef = E90A6DF0297BFF61009A1788 /* CaseStudyUITestsLaunchTests.swift */; };
		E90A6E02297C0212009A1788 /* NetworkManager.swift in Sources */ = {isa = PBXBuildFile; fileRef = E90A6E01297C0212009A1788 /* NetworkManager.swift */; };
		E90A6E04297C021D009A1788 /* API.swift in Sources */ = {isa = PBXBuildFile; fileRef = E90A6E03297C021D009A1788 /* API.swift */; };
		E90A6E13297C0414009A1788 /* LoginVC.swift in Sources */ = {isa = PBXBuildFile; fileRef = E90A6E11297C0414009A1788 /* LoginVC.swift */; };
		E90A6E14297C0414009A1788 /* LoginVC.xib in Resources */ = {isa = PBXBuildFile; fileRef = E90A6E12297C0414009A1788 /* LoginVC.xib */; };
		E90A6E16297C0426009A1788 /* LoginVM.swift in Sources */ = {isa = PBXBuildFile; fileRef = E90A6E15297C0426009A1788 /* LoginVM.swift */; };
		E90A6E1A297C0601009A1788 /* TabbarVC.swift in Sources */ = {isa = PBXBuildFile; fileRef = E90A6E18297C0601009A1788 /* TabbarVC.swift */; };
		E90A6E1B297C0601009A1788 /* TabbarVC.xib in Resources */ = {isa = PBXBuildFile; fileRef = E90A6E19297C0601009A1788 /* TabbarVC.xib */; };
		E90A6E20297C0855009A1788 /* ShoppingCartVC.swift in Sources */ = {isa = PBXBuildFile; fileRef = E90A6E1E297C0855009A1788 /* ShoppingCartVC.swift */; };
		E90A6E21297C0855009A1788 /* ShoppingCartVC.xib in Resources */ = {isa = PBXBuildFile; fileRef = E90A6E1F297C0855009A1788 /* ShoppingCartVC.xib */; };
		E90A6E23297C0865009A1788 /* ShoppingCartVM.swift in Sources */ = {isa = PBXBuildFile; fileRef = E90A6E22297C0865009A1788 /* ShoppingCartVM.swift */; };
		E90A6E28297C08A8009A1788 /* FavoritesVM.swift in Sources */ = {isa = PBXBuildFile; fileRef = E90A6E27297C08A8009A1788 /* FavoritesVM.swift */; };
		E90A6E2B297C08B4009A1788 /* FavoritesVC.swift in Sources */ = {isa = PBXBuildFile; fileRef = E90A6E29297C08B4009A1788 /* FavoritesVC.swift */; };
		E90A6E2C297C08B4009A1788 /* FavoritesVC.xib in Resources */ = {isa = PBXBuildFile; fileRef = E90A6E2A297C08B4009A1788 /* FavoritesVC.xib */; };
		E90A6E32297C0907009A1788 /* DiscoverVM.swift in Sources */ = {isa = PBXBuildFile; fileRef = E90A6E31297C0907009A1788 /* DiscoverVM.swift */; };
		E90A6E35297C0928009A1788 /* DiscoverVC.swift in Sources */ = {isa = PBXBuildFile; fileRef = E90A6E33297C0928009A1788 /* DiscoverVC.swift */; };
		E90A6E36297C0928009A1788 /* DiscoverVC.xib in Resources */ = {isa = PBXBuildFile; fileRef = E90A6E34297C0928009A1788 /* DiscoverVC.xib */; };
		E90A6E39297C09D0009A1788 /* SettingsVM.swift in Sources */ = {isa = PBXBuildFile; fileRef = E90A6E38297C09D0009A1788 /* SettingsVM.swift */; };
		E90A6E3C297C09E4009A1788 /* SettingsVC.swift in Sources */ = {isa = PBXBuildFile; fileRef = E90A6E3A297C09E4009A1788 /* SettingsVC.swift */; };
		E90A6E3D297C09E4009A1788 /* SettingsVC.xib in Resources */ = {isa = PBXBuildFile; fileRef = E90A6E3B297C09E4009A1788 /* SettingsVC.xib */; };
		E90A6E40297C0C77009A1788 /* ReviewsVM.swift in Sources */ = {isa = PBXBuildFile; fileRef = E90A6E3F297C0C77009A1788 /* ReviewsVM.swift */; };
		E90A6E43297C0C85009A1788 /* ReviewsVC.swift in Sources */ = {isa = PBXBuildFile; fileRef = E90A6E41297C0C85009A1788 /* ReviewsVC.swift */; };
		E90A6E44297C0C85009A1788 /* ReviewsVC.xib in Resources */ = {isa = PBXBuildFile; fileRef = E90A6E42297C0C85009A1788 /* ReviewsVC.xib */; };
		E90A6E46297C0D69009A1788 /* BaseVC.swift in Sources */ = {isa = PBXBuildFile; fileRef = E90A6E45297C0D69009A1788 /* BaseVC.swift */; };
		E90A6E49297C0D82009A1788 /* BaseVM.swift in Sources */ = {isa = PBXBuildFile; fileRef = E90A6E48297C0D82009A1788 /* BaseVM.swift */; };
		E90A6E4C297C0F0F009A1788 /* RxCocoa in Frameworks */ = {isa = PBXBuildFile; productRef = E90A6E4B297C0F0F009A1788 /* RxCocoa */; };
		E90A6E50297C0F0F009A1788 /* RxRelay in Frameworks */ = {isa = PBXBuildFile; productRef = E90A6E4F297C0F0F009A1788 /* RxRelay */; };
		E90A6E54297C0F0F009A1788 /* RxSwift in Frameworks */ = {isa = PBXBuildFile; productRef = E90A6E53297C0F0F009A1788 /* RxSwift */; };
		E90A6E59297C0FAD009A1788 /* Moya in Frameworks */ = {isa = PBXBuildFile; productRef = E90A6E58297C0FAD009A1788 /* Moya */; };
		E90A6E5B297C0FAE009A1788 /* RxMoya in Frameworks */ = {isa = PBXBuildFile; productRef = E90A6E5A297C0FAE009A1788 /* RxMoya */; };
		E90A6E5E297C11A3009A1788 /* LoginRequest.swift in Sources */ = {isa = PBXBuildFile; fileRef = E90A6E5D297C11A3009A1788 /* LoginRequest.swift */; };
		E90A6E61297C1291009A1788 /* DiscoverResponse.swift in Sources */ = {isa = PBXBuildFile; fileRef = E90A6E60297C1291009A1788 /* DiscoverResponse.swift */; };
		E90A6E69297C1747009A1788 /* BaseResponse.swift in Sources */ = {isa = PBXBuildFile; fileRef = E90A6E68297C1747009A1788 /* BaseResponse.swift */; };
		E90A6E6B297C189C009A1788 /* DiscoverRepository.swift in Sources */ = {isa = PBXBuildFile; fileRef = E90A6E6A297C189C009A1788 /* DiscoverRepository.swift */; };
		E90A6E6D297C196F009A1788 /* ReviewsRepository.swift in Sources */ = {isa = PBXBuildFile; fileRef = E90A6E6C297C196F009A1788 /* ReviewsRepository.swift */; };
		E90A6E6F297C19A7009A1788 /* ShoppingCartRepository.swift in Sources */ = {isa = PBXBuildFile; fileRef = E90A6E6E297C19A7009A1788 /* ShoppingCartRepository.swift */; };
		E90A6E71297C1A02009A1788 /* FavoritesRepository.swift in Sources */ = {isa = PBXBuildFile; fileRef = E90A6E70297C1A02009A1788 /* FavoritesRepository.swift */; };
		E90A6E73297C1A28009A1788 /* SettingsRepository.swift in Sources */ = {isa = PBXBuildFile; fileRef = E90A6E72297C1A28009A1788 /* SettingsRepository.swift */; };
		E90A6E83297C2627009A1788 /* Inter-Bold.ttf in Resources */ = {isa = PBXBuildFile; fileRef = E90A6E7A297C2626009A1788 /* Inter-Bold.ttf */; };
		E90A6E84297C2627009A1788 /* Inter-SemiBold.ttf in Resources */ = {isa = PBXBuildFile; fileRef = E90A6E7B297C2626009A1788 /* Inter-SemiBold.ttf */; };
		E90A6E85297C2627009A1788 /* Inter-ExtraLight.ttf in Resources */ = {isa = PBXBuildFile; fileRef = E90A6E7C297C2627009A1788 /* Inter-ExtraLight.ttf */; };
		E90A6E86297C2627009A1788 /* Inter-Regular.ttf in Resources */ = {isa = PBXBuildFile; fileRef = E90A6E7D297C2627009A1788 /* Inter-Regular.ttf */; };
		E90A6E87297C2627009A1788 /* Inter-Medium.ttf in Resources */ = {isa = PBXBuildFile; fileRef = E90A6E7E297C2627009A1788 /* Inter-Medium.ttf */; };
		E90A6E88297C2627009A1788 /* Inter-Black.ttf in Resources */ = {isa = PBXBuildFile; fileRef = E90A6E7F297C2627009A1788 /* Inter-Black.ttf */; };
		E90A6E89297C2627009A1788 /* Inter-ExtraBold.ttf in Resources */ = {isa = PBXBuildFile; fileRef = E90A6E80297C2627009A1788 /* Inter-ExtraBold.ttf */; };
		E90A6E8A297C2627009A1788 /* Inter-Light.ttf in Resources */ = {isa = PBXBuildFile; fileRef = E90A6E81297C2627009A1788 /* Inter-Light.ttf */; };
		E90A6E8B297C2627009A1788 /* Inter-Thin.ttf in Resources */ = {isa = PBXBuildFile; fileRef = E90A6E82297C2627009A1788 /* Inter-Thin.ttf */; };
		E90A6E8E297C2F25009A1788 /* GradientView.swift in Sources */ = {isa = PBXBuildFile; fileRef = E90A6E8D297C2F25009A1788 /* GradientView.swift */; };
		E90A6E90297C2FD1009A1788 /* CustomTextField.swift in Sources */ = {isa = PBXBuildFile; fileRef = E90A6E8F297C2FD1009A1788 /* CustomTextField.swift */; };
		E9417B91297FC079006CE346 /* NSObject + Extensions.swift in Sources */ = {isa = PBXBuildFile; fileRef = E9417B90297FC079006CE346 /* NSObject + Extensions.swift */; };
		E9417B93297FC113006CE346 /* UICollectionView + Extensions.swift in Sources */ = {isa = PBXBuildFile; fileRef = E9417B92297FC113006CE346 /* UICollectionView + Extensions.swift */; };
		E9417B95297FEF05006CE346 /* UITabbarController + Extensions.swift in Sources */ = {isa = PBXBuildFile; fileRef = E9417B94297FEF05006CE346 /* UITabbarController + Extensions.swift */; };
		E9417B97297FEF9A006CE346 /* BaseRepository.swift in Sources */ = {isa = PBXBuildFile; fileRef = E9417B96297FEF9A006CE346 /* BaseRepository.swift */; };
		E9417B9929801692006CE346 /* Reachability + Extensions.swift in Sources */ = {isa = PBXBuildFile; fileRef = E9417B9829801692006CE346 /* Reachability + Extensions.swift */; };
		E94362C6297E6F70008710C7 /* Types.swift in Sources */ = {isa = PBXBuildFile; fileRef = E94362C5297E6F70008710C7 /* Types.swift */; };
		E94362CA297E7685008710C7 /* BothDiscountRateCell.swift in Sources */ = {isa = PBXBuildFile; fileRef = E94362C8297E7685008710C7 /* BothDiscountRateCell.swift */; };
		E94362CB297E7685008710C7 /* BothDiscountRateCell.xib in Resources */ = {isa = PBXBuildFile; fileRef = E94362C9297E7685008710C7 /* BothDiscountRateCell.xib */; };
		E94362CD297E9914008710C7 /* String + Extensions.swift in Sources */ = {isa = PBXBuildFile; fileRef = E94362CC297E9914008710C7 /* String + Extensions.swift */; };
		E94362CF297E9F99008710C7 /* DiscoverModel.swift in Sources */ = {isa = PBXBuildFile; fileRef = E94362CE297E9F99008710C7 /* DiscoverModel.swift */; };
		E94362D4297ECA45008710C7 /* Localizable.strings in Resources */ = {isa = PBXBuildFile; fileRef = E94362D6297ECA45008710C7 /* Localizable.strings */; };
		E94362D9297ECA71008710C7 /* LocalizedUI.swift in Sources */ = {isa = PBXBuildFile; fileRef = E94362D8297ECA71008710C7 /* LocalizedUI.swift */; };
		E94362DD297ECF2F008710C7 /* CustomCVCell.swift in Sources */ = {isa = PBXBuildFile; fileRef = E94362DC297ECF2F008710C7 /* CustomCVCell.swift */; };
		E94362E0297ED586008710C7 /* FirebaseAnalytics in Frameworks */ = {isa = PBXBuildFile; productRef = E94362DF297ED586008710C7 /* FirebaseAnalytics */; };
		E94362E2297ED586008710C7 /* FirebaseAppDistribution-Beta in Frameworks */ = {isa = PBXBuildFile; productRef = E94362E1297ED586008710C7 /* FirebaseAppDistribution-Beta */; };
		E94362E4297ED586008710C7 /* FirebaseCrashlytics in Frameworks */ = {isa = PBXBuildFile; productRef = E94362E3297ED586008710C7 /* FirebaseCrashlytics */; };
		E94362E7297ED60C008710C7 /* GoogleService-Info.plist in Resources */ = {isa = PBXBuildFile; fileRef = E94362E6297ED60C008710C7 /* GoogleService-Info.plist */; };
		E94362EA297EF58F008710C7 /* CacheManager.swift in Sources */ = {isa = PBXBuildFile; fileRef = E94362E9297EF58F008710C7 /* CacheManager.swift */; };
		E94362EC297EF5CC008710C7 /* Array + Extensions.swift in Sources */ = {isa = PBXBuildFile; fileRef = E94362EB297EF5CC008710C7 /* Array + Extensions.swift */; };
		E94362EF297EF6F2008710C7 /* RxReachability in Frameworks */ = {isa = PBXBuildFile; productRef = E94362EE297EF6F2008710C7 /* RxReachability */; };
		E943E0E9297D302C003B7DDF /* Colors.swift in Sources */ = {isa = PBXBuildFile; fileRef = E943E0E8297D302C003B7DDF /* Colors.swift */; };
		E943E0EB297D33B5003B7DDF /* LoginRepository.swift in Sources */ = {isa = PBXBuildFile; fileRef = E943E0EA297D33B5003B7DDF /* LoginRepository.swift */; };
		E943E0F0297D48F3003B7DDF /* RouterProtocol.swift in Sources */ = {isa = PBXBuildFile; fileRef = E943E0EF297D48F3003B7DDF /* RouterProtocol.swift */; };
		E943E0F3297D4A1D003B7DDF /* LoginRouter.swift in Sources */ = {isa = PBXBuildFile; fileRef = E943E0F2297D4A1D003B7DDF /* LoginRouter.swift */; };
		E943E0F5297D8311003B7DDF /* AppRouter.swift in Sources */ = {isa = PBXBuildFile; fileRef = E943E0F4297D8311003B7DDF /* AppRouter.swift */; };
		E943E0F7297D8693003B7DDF /* LoginResponse.swift in Sources */ = {isa = PBXBuildFile; fileRef = E943E0F6297D8693003B7DDF /* LoginResponse.swift */; };
		E943E100297D9BAA003B7DDF /* WithDiscountCell.swift in Sources */ = {isa = PBXBuildFile; fileRef = E943E0FE297D9BAA003B7DDF /* WithDiscountCell.swift */; };
		E943E101297D9BAA003B7DDF /* WithDiscountCell.xib in Resources */ = {isa = PBXBuildFile; fileRef = E943E0FF297D9BAA003B7DDF /* WithDiscountCell.xib */; };
		E943E105297D9BE7003B7DDF /* WithRateCell.swift in Sources */ = {isa = PBXBuildFile; fileRef = E943E103297D9BE7003B7DDF /* WithRateCell.swift */; };
		E943E106297D9BE7003B7DDF /* WithRateCell.xib in Resources */ = {isa = PBXBuildFile; fileRef = E943E104297D9BE7003B7DDF /* WithRateCell.xib */; };
		E943E10A297D9C76003B7DDF /* OnlyPricedCell.swift in Sources */ = {isa = PBXBuildFile; fileRef = E943E108297D9C76003B7DDF /* OnlyPricedCell.swift */; };
		E943E10B297D9C76003B7DDF /* OnlyPricedCell.xib in Resources */ = {isa = PBXBuildFile; fileRef = E943E109297D9C76003B7DDF /* OnlyPricedCell.xib */; };
		E943E10E297DA10E003B7DDF /* SDWebImage in Frameworks */ = {isa = PBXBuildFile; productRef = E943E10D297DA10E003B7DDF /* SDWebImage */; };
		E96AB5AA297C45DB00B82522 /* DiscoverDataService.swift in Sources */ = {isa = PBXBuildFile; fileRef = E96AB5A9297C45DB00B82522 /* DiscoverDataService.swift */; };
		E96AB5AC297C45F400B82522 /* DiscoverLocalDataService.swift in Sources */ = {isa = PBXBuildFile; fileRef = E96AB5AB297C45F400B82522 /* DiscoverLocalDataService.swift */; };
		E96AB5AE297C460000B82522 /* DiscoverRemoteDataService.swift in Sources */ = {isa = PBXBuildFile; fileRef = E96AB5AD297C45FF00B82522 /* DiscoverRemoteDataService.swift */; };
		E96AB5D1297C55FC00B82522 /* Roboto-BoldItalic.ttf in Resources */ = {isa = PBXBuildFile; fileRef = E96AB5C5297C55FC00B82522 /* Roboto-BoldItalic.ttf */; };
		E96AB5D2297C55FC00B82522 /* Roboto-Medium.ttf in Resources */ = {isa = PBXBuildFile; fileRef = E96AB5C6297C55FC00B82522 /* Roboto-Medium.ttf */; };
		E96AB5D3297C55FC00B82522 /* Roboto-Black.ttf in Resources */ = {isa = PBXBuildFile; fileRef = E96AB5C7297C55FC00B82522 /* Roboto-Black.ttf */; };
		E96AB5D4297C55FC00B82522 /* Roboto-Light.ttf in Resources */ = {isa = PBXBuildFile; fileRef = E96AB5C8297C55FC00B82522 /* Roboto-Light.ttf */; };
		E96AB5D5297C55FC00B82522 /* Roboto-Bold.ttf in Resources */ = {isa = PBXBuildFile; fileRef = E96AB5C9297C55FC00B82522 /* Roboto-Bold.ttf */; };
		E96AB5D6297C55FC00B82522 /* Roboto-BlackItalic.ttf in Resources */ = {isa = PBXBuildFile; fileRef = E96AB5CA297C55FC00B82522 /* Roboto-BlackItalic.ttf */; };
		E96AB5D7297C55FC00B82522 /* Roboto-LightItalic.ttf in Resources */ = {isa = PBXBuildFile; fileRef = E96AB5CB297C55FC00B82522 /* Roboto-LightItalic.ttf */; };
		E96AB5D8297C55FC00B82522 /* Roboto-Thin.ttf in Resources */ = {isa = PBXBuildFile; fileRef = E96AB5CC297C55FC00B82522 /* Roboto-Thin.ttf */; };
		E96AB5D9297C55FC00B82522 /* Roboto-Italic.ttf in Resources */ = {isa = PBXBuildFile; fileRef = E96AB5CD297C55FC00B82522 /* Roboto-Italic.ttf */; };
		E96AB5DA297C55FC00B82522 /* Roboto-ThinItalic.ttf in Resources */ = {isa = PBXBuildFile; fileRef = E96AB5CE297C55FC00B82522 /* Roboto-ThinItalic.ttf */; };
		E96AB5DB297C55FC00B82522 /* Roboto-Regular.ttf in Resources */ = {isa = PBXBuildFile; fileRef = E96AB5CF297C55FC00B82522 /* Roboto-Regular.ttf */; };
		E96AB5DC297C55FC00B82522 /* Roboto-MediumItalic.ttf in Resources */ = {isa = PBXBuildFile; fileRef = E96AB5D0297C55FC00B82522 /* Roboto-MediumItalic.ttf */; };
		E96AB5E2297C5E3900B82522 /* StaticUrl.swift in Sources */ = {isa = PBXBuildFile; fileRef = E96AB5E1297C5E3900B82522 /* StaticUrl.swift */; };
/* End PBXBuildFile section */

/* Begin PBXContainerItemProxy section */
		E90A6DE1297BFF61009A1788 /* PBXContainerItemProxy */ = {
			isa = PBXContainerItemProxy;
			containerPortal = E90A6DC2297BFF60009A1788 /* Project object */;
			proxyType = 1;
			remoteGlobalIDString = E90A6DC9297BFF60009A1788;
			remoteInfo = CaseStudy;
		};
		E90A6DEB297BFF61009A1788 /* PBXContainerItemProxy */ = {
			isa = PBXContainerItemProxy;
			containerPortal = E90A6DC2297BFF60009A1788 /* Project object */;
			proxyType = 1;
			remoteGlobalIDString = E90A6DC9297BFF60009A1788;
			remoteInfo = CaseStudy;
		};
/* End PBXContainerItemProxy section */

/* Begin PBXCopyFilesBuildPhase section */
		E90A6E77297C254A009A1788 /* Embed Frameworks */ = {
			isa = PBXCopyFilesBuildPhase;
			buildActionMask = 2147483647;
			dstPath = "";
			dstSubfolderSpec = 10;
			files = (
			);
			name = "Embed Frameworks";
			runOnlyForDeploymentPostprocessing = 0;
		};
/* End PBXCopyFilesBuildPhase section */

/* Begin PBXFileReference section */
		E90A6DCA297BFF60009A1788 /* CaseStudy.app */ = {isa = PBXFileReference; explicitFileType = wrapper.application; includeInIndex = 0; path = CaseStudy.app; sourceTree = BUILT_PRODUCTS_DIR; };
		E90A6DCD297BFF60009A1788 /* AppDelegate.swift */ = {isa = PBXFileReference; lastKnownFileType = sourcecode.swift; path = AppDelegate.swift; sourceTree = "<group>"; };
		E90A6DCF297BFF60009A1788 /* SceneDelegate.swift */ = {isa = PBXFileReference; lastKnownFileType = sourcecode.swift; path = SceneDelegate.swift; sourceTree = "<group>"; };
		E90A6DD1297BFF60009A1788 /* ViewController.swift */ = {isa = PBXFileReference; lastKnownFileType = sourcecode.swift; path = ViewController.swift; sourceTree = "<group>"; };
		E90A6DD4297BFF60009A1788 /* Base */ = {isa = PBXFileReference; lastKnownFileType = file.storyboard; name = Base; path = Base.lproj/Main.storyboard; sourceTree = "<group>"; };
		E90A6DD6297BFF61009A1788 /* Assets.xcassets */ = {isa = PBXFileReference; lastKnownFileType = folder.assetcatalog; path = Assets.xcassets; sourceTree = "<group>"; };
		E90A6DD9297BFF61009A1788 /* Base */ = {isa = PBXFileReference; lastKnownFileType = file.storyboard; name = Base; path = Base.lproj/LaunchScreen.storyboard; sourceTree = "<group>"; };
		E90A6DDB297BFF61009A1788 /* Info.plist */ = {isa = PBXFileReference; lastKnownFileType = text.plist.xml; path = Info.plist; sourceTree = "<group>"; };
		E90A6DE0297BFF61009A1788 /* CaseStudyTests.xctest */ = {isa = PBXFileReference; explicitFileType = wrapper.cfbundle; includeInIndex = 0; path = CaseStudyTests.xctest; sourceTree = BUILT_PRODUCTS_DIR; };
		E90A6DE4297BFF61009A1788 /* CaseStudyTests.swift */ = {isa = PBXFileReference; lastKnownFileType = sourcecode.swift; path = CaseStudyTests.swift; sourceTree = "<group>"; };
		E90A6DEA297BFF61009A1788 /* CaseStudyUITests.xctest */ = {isa = PBXFileReference; explicitFileType = wrapper.cfbundle; includeInIndex = 0; path = CaseStudyUITests.xctest; sourceTree = BUILT_PRODUCTS_DIR; };
		E90A6DEE297BFF61009A1788 /* CaseStudyUITests.swift */ = {isa = PBXFileReference; lastKnownFileType = sourcecode.swift; path = CaseStudyUITests.swift; sourceTree = "<group>"; };
		E90A6DF0297BFF61009A1788 /* CaseStudyUITestsLaunchTests.swift */ = {isa = PBXFileReference; lastKnownFileType = sourcecode.swift; path = CaseStudyUITestsLaunchTests.swift; sourceTree = "<group>"; };
		E90A6E01297C0212009A1788 /* NetworkManager.swift */ = {isa = PBXFileReference; lastKnownFileType = sourcecode.swift; path = NetworkManager.swift; sourceTree = "<group>"; };
		E90A6E03297C021D009A1788 /* API.swift */ = {isa = PBXFileReference; lastKnownFileType = sourcecode.swift; path = API.swift; sourceTree = "<group>"; };
		E90A6E11297C0414009A1788 /* LoginVC.swift */ = {isa = PBXFileReference; lastKnownFileType = sourcecode.swift; path = LoginVC.swift; sourceTree = "<group>"; };
		E90A6E12297C0414009A1788 /* LoginVC.xib */ = {isa = PBXFileReference; lastKnownFileType = file.xib; path = LoginVC.xib; sourceTree = "<group>"; };
		E90A6E15297C0426009A1788 /* LoginVM.swift */ = {isa = PBXFileReference; lastKnownFileType = sourcecode.swift; path = LoginVM.swift; sourceTree = "<group>"; };
		E90A6E18297C0601009A1788 /* TabbarVC.swift */ = {isa = PBXFileReference; lastKnownFileType = sourcecode.swift; path = TabbarVC.swift; sourceTree = "<group>"; };
		E90A6E19297C0601009A1788 /* TabbarVC.xib */ = {isa = PBXFileReference; lastKnownFileType = file.xib; path = TabbarVC.xib; sourceTree = "<group>"; };
		E90A6E1E297C0855009A1788 /* ShoppingCartVC.swift */ = {isa = PBXFileReference; lastKnownFileType = sourcecode.swift; path = ShoppingCartVC.swift; sourceTree = "<group>"; };
		E90A6E1F297C0855009A1788 /* ShoppingCartVC.xib */ = {isa = PBXFileReference; lastKnownFileType = file.xib; path = ShoppingCartVC.xib; sourceTree = "<group>"; };
		E90A6E22297C0865009A1788 /* ShoppingCartVM.swift */ = {isa = PBXFileReference; lastKnownFileType = sourcecode.swift; path = ShoppingCartVM.swift; sourceTree = "<group>"; };
		E90A6E27297C08A8009A1788 /* FavoritesVM.swift */ = {isa = PBXFileReference; lastKnownFileType = sourcecode.swift; path = FavoritesVM.swift; sourceTree = "<group>"; };
		E90A6E29297C08B4009A1788 /* FavoritesVC.swift */ = {isa = PBXFileReference; lastKnownFileType = sourcecode.swift; path = FavoritesVC.swift; sourceTree = "<group>"; };
		E90A6E2A297C08B4009A1788 /* FavoritesVC.xib */ = {isa = PBXFileReference; lastKnownFileType = file.xib; path = FavoritesVC.xib; sourceTree = "<group>"; };
		E90A6E31297C0907009A1788 /* DiscoverVM.swift */ = {isa = PBXFileReference; lastKnownFileType = sourcecode.swift; path = DiscoverVM.swift; sourceTree = "<group>"; };
		E90A6E33297C0928009A1788 /* DiscoverVC.swift */ = {isa = PBXFileReference; lastKnownFileType = sourcecode.swift; path = DiscoverVC.swift; sourceTree = "<group>"; };
		E90A6E34297C0928009A1788 /* DiscoverVC.xib */ = {isa = PBXFileReference; lastKnownFileType = file.xib; path = DiscoverVC.xib; sourceTree = "<group>"; };
		E90A6E38297C09D0009A1788 /* SettingsVM.swift */ = {isa = PBXFileReference; lastKnownFileType = sourcecode.swift; path = SettingsVM.swift; sourceTree = "<group>"; };
		E90A6E3A297C09E4009A1788 /* SettingsVC.swift */ = {isa = PBXFileReference; lastKnownFileType = sourcecode.swift; path = SettingsVC.swift; sourceTree = "<group>"; };
		E90A6E3B297C09E4009A1788 /* SettingsVC.xib */ = {isa = PBXFileReference; lastKnownFileType = file.xib; path = SettingsVC.xib; sourceTree = "<group>"; };
		E90A6E3F297C0C77009A1788 /* ReviewsVM.swift */ = {isa = PBXFileReference; lastKnownFileType = sourcecode.swift; path = ReviewsVM.swift; sourceTree = "<group>"; };
		E90A6E41297C0C85009A1788 /* ReviewsVC.swift */ = {isa = PBXFileReference; lastKnownFileType = sourcecode.swift; path = ReviewsVC.swift; sourceTree = "<group>"; };
		E90A6E42297C0C85009A1788 /* ReviewsVC.xib */ = {isa = PBXFileReference; lastKnownFileType = file.xib; path = ReviewsVC.xib; sourceTree = "<group>"; };
		E90A6E45297C0D69009A1788 /* BaseVC.swift */ = {isa = PBXFileReference; lastKnownFileType = sourcecode.swift; path = BaseVC.swift; sourceTree = "<group>"; };
		E90A6E48297C0D82009A1788 /* BaseVM.swift */ = {isa = PBXFileReference; lastKnownFileType = sourcecode.swift; path = BaseVM.swift; sourceTree = "<group>"; };
		E90A6E5D297C11A3009A1788 /* LoginRequest.swift */ = {isa = PBXFileReference; lastKnownFileType = sourcecode.swift; path = LoginRequest.swift; sourceTree = "<group>"; };
		E90A6E60297C1291009A1788 /* DiscoverResponse.swift */ = {isa = PBXFileReference; lastKnownFileType = sourcecode.swift; path = DiscoverResponse.swift; sourceTree = "<group>"; };
		E90A6E68297C1747009A1788 /* BaseResponse.swift */ = {isa = PBXFileReference; lastKnownFileType = sourcecode.swift; path = BaseResponse.swift; sourceTree = "<group>"; };
		E90A6E6A297C189C009A1788 /* DiscoverRepository.swift */ = {isa = PBXFileReference; lastKnownFileType = sourcecode.swift; path = DiscoverRepository.swift; sourceTree = "<group>"; };
		E90A6E6C297C196F009A1788 /* ReviewsRepository.swift */ = {isa = PBXFileReference; lastKnownFileType = sourcecode.swift; path = ReviewsRepository.swift; sourceTree = "<group>"; };
		E90A6E6E297C19A7009A1788 /* ShoppingCartRepository.swift */ = {isa = PBXFileReference; lastKnownFileType = sourcecode.swift; path = ShoppingCartRepository.swift; sourceTree = "<group>"; };
		E90A6E70297C1A02009A1788 /* FavoritesRepository.swift */ = {isa = PBXFileReference; lastKnownFileType = sourcecode.swift; path = FavoritesRepository.swift; sourceTree = "<group>"; };
		E90A6E72297C1A28009A1788 /* SettingsRepository.swift */ = {isa = PBXFileReference; lastKnownFileType = sourcecode.swift; path = SettingsRepository.swift; sourceTree = "<group>"; };
		E90A6E7A297C2626009A1788 /* Inter-Bold.ttf */ = {isa = PBXFileReference; lastKnownFileType = file; path = "Inter-Bold.ttf"; sourceTree = "<group>"; };
		E90A6E7B297C2626009A1788 /* Inter-SemiBold.ttf */ = {isa = PBXFileReference; lastKnownFileType = file; path = "Inter-SemiBold.ttf"; sourceTree = "<group>"; };
		E90A6E7C297C2627009A1788 /* Inter-ExtraLight.ttf */ = {isa = PBXFileReference; lastKnownFileType = file; path = "Inter-ExtraLight.ttf"; sourceTree = "<group>"; };
		E90A6E7D297C2627009A1788 /* Inter-Regular.ttf */ = {isa = PBXFileReference; lastKnownFileType = file; path = "Inter-Regular.ttf"; sourceTree = "<group>"; };
		E90A6E7E297C2627009A1788 /* Inter-Medium.ttf */ = {isa = PBXFileReference; lastKnownFileType = file; path = "Inter-Medium.ttf"; sourceTree = "<group>"; };
		E90A6E7F297C2627009A1788 /* Inter-Black.ttf */ = {isa = PBXFileReference; lastKnownFileType = file; path = "Inter-Black.ttf"; sourceTree = "<group>"; };
		E90A6E80297C2627009A1788 /* Inter-ExtraBold.ttf */ = {isa = PBXFileReference; lastKnownFileType = file; path = "Inter-ExtraBold.ttf"; sourceTree = "<group>"; };
		E90A6E81297C2627009A1788 /* Inter-Light.ttf */ = {isa = PBXFileReference; lastKnownFileType = file; path = "Inter-Light.ttf"; sourceTree = "<group>"; };
		E90A6E82297C2627009A1788 /* Inter-Thin.ttf */ = {isa = PBXFileReference; lastKnownFileType = file; path = "Inter-Thin.ttf"; sourceTree = "<group>"; };
		E90A6E8D297C2F25009A1788 /* GradientView.swift */ = {isa = PBXFileReference; lastKnownFileType = sourcecode.swift; path = GradientView.swift; sourceTree = "<group>"; };
		E90A6E8F297C2FD1009A1788 /* CustomTextField.swift */ = {isa = PBXFileReference; lastKnownFileType = sourcecode.swift; path = CustomTextField.swift; sourceTree = "<group>"; };
		E9417B90297FC079006CE346 /* NSObject + Extensions.swift */ = {isa = PBXFileReference; lastKnownFileType = sourcecode.swift; path = "NSObject + Extensions.swift"; sourceTree = "<group>"; };
		E9417B92297FC113006CE346 /* UICollectionView + Extensions.swift */ = {isa = PBXFileReference; lastKnownFileType = sourcecode.swift; path = "UICollectionView + Extensions.swift"; sourceTree = "<group>"; };
		E9417B94297FEF05006CE346 /* UITabbarController + Extensions.swift */ = {isa = PBXFileReference; lastKnownFileType = sourcecode.swift; path = "UITabbarController + Extensions.swift"; sourceTree = "<group>"; };
		E9417B96297FEF9A006CE346 /* BaseRepository.swift */ = {isa = PBXFileReference; lastKnownFileType = sourcecode.swift; path = BaseRepository.swift; sourceTree = "<group>"; };
		E9417B9829801692006CE346 /* Reachability + Extensions.swift */ = {isa = PBXFileReference; lastKnownFileType = sourcecode.swift; path = "Reachability + Extensions.swift"; sourceTree = "<group>"; };
		E94362C5297E6F70008710C7 /* Types.swift */ = {isa = PBXFileReference; lastKnownFileType = sourcecode.swift; path = Types.swift; sourceTree = "<group>"; };
		E94362C8297E7685008710C7 /* BothDiscountRateCell.swift */ = {isa = PBXFileReference; lastKnownFileType = sourcecode.swift; path = BothDiscountRateCell.swift; sourceTree = "<group>"; };
		E94362C9297E7685008710C7 /* BothDiscountRateCell.xib */ = {isa = PBXFileReference; lastKnownFileType = file.xib; path = BothDiscountRateCell.xib; sourceTree = "<group>"; };
		E94362CC297E9914008710C7 /* String + Extensions.swift */ = {isa = PBXFileReference; lastKnownFileType = sourcecode.swift; path = "String + Extensions.swift"; sourceTree = "<group>"; };
		E94362CE297E9F99008710C7 /* DiscoverModel.swift */ = {isa = PBXFileReference; lastKnownFileType = sourcecode.swift; path = DiscoverModel.swift; sourceTree = "<group>"; };
		E94362D5297ECA45008710C7 /* en */ = {isa = PBXFileReference; lastKnownFileType = text.plist.strings; name = en; path = en.lproj/Localizable.strings; sourceTree = "<group>"; };
		E94362D7297ECA57008710C7 /* tr */ = {isa = PBXFileReference; lastKnownFileType = text.plist.strings; name = tr; path = tr.lproj/Localizable.strings; sourceTree = "<group>"; };
		E94362D8297ECA71008710C7 /* LocalizedUI.swift */ = {isa = PBXFileReference; lastKnownFileType = sourcecode.swift; path = LocalizedUI.swift; sourceTree = "<group>"; };
		E94362DC297ECF2F008710C7 /* CustomCVCell.swift */ = {isa = PBXFileReference; lastKnownFileType = sourcecode.swift; path = CustomCVCell.swift; sourceTree = "<group>"; };
		E94362E6297ED60C008710C7 /* GoogleService-Info.plist */ = {isa = PBXFileReference; fileEncoding = 4; lastKnownFileType = text.plist.xml; path = "GoogleService-Info.plist"; sourceTree = "<group>"; };
		E94362E9297EF58F008710C7 /* CacheManager.swift */ = {isa = PBXFileReference; lastKnownFileType = sourcecode.swift; path = CacheManager.swift; sourceTree = "<group>"; };
		E94362EB297EF5CC008710C7 /* Array + Extensions.swift */ = {isa = PBXFileReference; lastKnownFileType = sourcecode.swift; path = "Array + Extensions.swift"; sourceTree = "<group>"; };
		E943E0E8297D302C003B7DDF /* Colors.swift */ = {isa = PBXFileReference; lastKnownFileType = sourcecode.swift; path = Colors.swift; sourceTree = "<group>"; };
		E943E0EA297D33B5003B7DDF /* LoginRepository.swift */ = {isa = PBXFileReference; lastKnownFileType = sourcecode.swift; path = LoginRepository.swift; sourceTree = "<group>"; };
		E943E0EF297D48F3003B7DDF /* RouterProtocol.swift */ = {isa = PBXFileReference; lastKnownFileType = sourcecode.swift; path = RouterProtocol.swift; sourceTree = "<group>"; };
		E943E0F2297D4A1D003B7DDF /* LoginRouter.swift */ = {isa = PBXFileReference; lastKnownFileType = sourcecode.swift; path = LoginRouter.swift; sourceTree = "<group>"; };
		E943E0F4297D8311003B7DDF /* AppRouter.swift */ = {isa = PBXFileReference; lastKnownFileType = sourcecode.swift; path = AppRouter.swift; sourceTree = "<group>"; };
		E943E0F6297D8693003B7DDF /* LoginResponse.swift */ = {isa = PBXFileReference; lastKnownFileType = sourcecode.swift; path = LoginResponse.swift; sourceTree = "<group>"; };
		E943E0FE297D9BAA003B7DDF /* WithDiscountCell.swift */ = {isa = PBXFileReference; fileEncoding = 4; lastKnownFileType = sourcecode.swift; path = WithDiscountCell.swift; sourceTree = "<group>"; };
		E943E0FF297D9BAA003B7DDF /* WithDiscountCell.xib */ = {isa = PBXFileReference; fileEncoding = 4; lastKnownFileType = file.xib; path = WithDiscountCell.xib; sourceTree = "<group>"; };
		E943E103297D9BE7003B7DDF /* WithRateCell.swift */ = {isa = PBXFileReference; lastKnownFileType = sourcecode.swift; path = WithRateCell.swift; sourceTree = "<group>"; };
		E943E104297D9BE7003B7DDF /* WithRateCell.xib */ = {isa = PBXFileReference; lastKnownFileType = file.xib; path = WithRateCell.xib; sourceTree = "<group>"; };
		E943E108297D9C76003B7DDF /* OnlyPricedCell.swift */ = {isa = PBXFileReference; lastKnownFileType = sourcecode.swift; path = OnlyPricedCell.swift; sourceTree = "<group>"; };
		E943E109297D9C76003B7DDF /* OnlyPricedCell.xib */ = {isa = PBXFileReference; lastKnownFileType = file.xib; path = OnlyPricedCell.xib; sourceTree = "<group>"; };
		E96AB5A9297C45DB00B82522 /* DiscoverDataService.swift */ = {isa = PBXFileReference; lastKnownFileType = sourcecode.swift; path = DiscoverDataService.swift; sourceTree = "<group>"; };
		E96AB5AB297C45F400B82522 /* DiscoverLocalDataService.swift */ = {isa = PBXFileReference; lastKnownFileType = sourcecode.swift; path = DiscoverLocalDataService.swift; sourceTree = "<group>"; };
		E96AB5AD297C45FF00B82522 /* DiscoverRemoteDataService.swift */ = {isa = PBXFileReference; lastKnownFileType = sourcecode.swift; path = DiscoverRemoteDataService.swift; sourceTree = "<group>"; };
		E96AB5C5297C55FC00B82522 /* Roboto-BoldItalic.ttf */ = {isa = PBXFileReference; lastKnownFileType = file; path = "Roboto-BoldItalic.ttf"; sourceTree = "<group>"; };
		E96AB5C6297C55FC00B82522 /* Roboto-Medium.ttf */ = {isa = PBXFileReference; lastKnownFileType = file; path = "Roboto-Medium.ttf"; sourceTree = "<group>"; };
		E96AB5C7297C55FC00B82522 /* Roboto-Black.ttf */ = {isa = PBXFileReference; lastKnownFileType = file; path = "Roboto-Black.ttf"; sourceTree = "<group>"; };
		E96AB5C8297C55FC00B82522 /* Roboto-Light.ttf */ = {isa = PBXFileReference; lastKnownFileType = file; path = "Roboto-Light.ttf"; sourceTree = "<group>"; };
		E96AB5C9297C55FC00B82522 /* Roboto-Bold.ttf */ = {isa = PBXFileReference; lastKnownFileType = file; path = "Roboto-Bold.ttf"; sourceTree = "<group>"; };
		E96AB5CA297C55FC00B82522 /* Roboto-BlackItalic.ttf */ = {isa = PBXFileReference; lastKnownFileType = file; path = "Roboto-BlackItalic.ttf"; sourceTree = "<group>"; };
		E96AB5CB297C55FC00B82522 /* Roboto-LightItalic.ttf */ = {isa = PBXFileReference; lastKnownFileType = file; path = "Roboto-LightItalic.ttf"; sourceTree = "<group>"; };
		E96AB5CC297C55FC00B82522 /* Roboto-Thin.ttf */ = {isa = PBXFileReference; lastKnownFileType = file; path = "Roboto-Thin.ttf"; sourceTree = "<group>"; };
		E96AB5CD297C55FC00B82522 /* Roboto-Italic.ttf */ = {isa = PBXFileReference; lastKnownFileType = file; path = "Roboto-Italic.ttf"; sourceTree = "<group>"; };
		E96AB5CE297C55FC00B82522 /* Roboto-ThinItalic.ttf */ = {isa = PBXFileReference; lastKnownFileType = file; path = "Roboto-ThinItalic.ttf"; sourceTree = "<group>"; };
		E96AB5CF297C55FC00B82522 /* Roboto-Regular.ttf */ = {isa = PBXFileReference; lastKnownFileType = file; path = "Roboto-Regular.ttf"; sourceTree = "<group>"; };
		E96AB5D0297C55FC00B82522 /* Roboto-MediumItalic.ttf */ = {isa = PBXFileReference; lastKnownFileType = file; path = "Roboto-MediumItalic.ttf"; sourceTree = "<group>"; };
		E96AB5E1297C5E3900B82522 /* StaticUrl.swift */ = {isa = PBXFileReference; lastKnownFileType = sourcecode.swift; path = StaticUrl.swift; sourceTree = "<group>"; };
/* End PBXFileReference section */

/* Begin PBXFrameworksBuildPhase section */
		E90A6DC7297BFF60009A1788 /* Frameworks */ = {
			isa = PBXFrameworksBuildPhase;
			buildActionMask = 2147483647;
			files = (
				E94362E0297ED586008710C7 /* FirebaseAnalytics in Frameworks */,
				E943E10E297DA10E003B7DDF /* SDWebImage in Frameworks */,
				E90A6E50297C0F0F009A1788 /* RxRelay in Frameworks */,
				E90A6E54297C0F0F009A1788 /* RxSwift in Frameworks */,
				E90A6E59297C0FAD009A1788 /* Moya in Frameworks */,
				E90A6E5B297C0FAE009A1788 /* RxMoya in Frameworks */,
				E94362E4297ED586008710C7 /* FirebaseCrashlytics in Frameworks */,
				E94362EF297EF6F2008710C7 /* RxReachability in Frameworks */,
				E90A6E4C297C0F0F009A1788 /* RxCocoa in Frameworks */,
				E94362E2297ED586008710C7 /* FirebaseAppDistribution-Beta in Frameworks */,
			);
			runOnlyForDeploymentPostprocessing = 0;
		};
		E90A6DDD297BFF61009A1788 /* Frameworks */ = {
			isa = PBXFrameworksBuildPhase;
			buildActionMask = 2147483647;
			files = (
			);
			runOnlyForDeploymentPostprocessing = 0;
		};
		E90A6DE7297BFF61009A1788 /* Frameworks */ = {
			isa = PBXFrameworksBuildPhase;
			buildActionMask = 2147483647;
			files = (
			);
			runOnlyForDeploymentPostprocessing = 0;
		};
/* End PBXFrameworksBuildPhase section */

/* Begin PBXGroup section */
		E90A6DC1297BFF60009A1788 = {
			isa = PBXGroup;
			children = (
				E90A6DCC297BFF60009A1788 /* CaseStudy */,
				E90A6DE3297BFF61009A1788 /* CaseStudyTests */,
				E90A6DED297BFF61009A1788 /* CaseStudyUITests */,
				E90A6DCB297BFF60009A1788 /* Products */,
			);
			sourceTree = "<group>";
		};
		E90A6DCB297BFF60009A1788 /* Products */ = {
			isa = PBXGroup;
			children = (
				E90A6DCA297BFF60009A1788 /* CaseStudy.app */,
				E90A6DE0297BFF61009A1788 /* CaseStudyTests.xctest */,
				E90A6DEA297BFF61009A1788 /* CaseStudyUITests.xctest */,
			);
			name = Products;
			sourceTree = "<group>";
		};
		E90A6DCC297BFF60009A1788 /* CaseStudy */ = {
			isa = PBXGroup;
			children = (
				E94362E5297ED5C8008710C7 /* GoogleService */,
				E90A6E05297C0225009A1788 /* App */,
				E90A6E08297C038E009A1788 /* Fonts */,
				E94362E8297EF577008710C7 /* Utils */,
				E90A6E66297C1714009A1788 /* Extensions */,
				E90A6E8C297C2F11009A1788 /* CustomViews */,
				E96AB5E0297C5E1700B82522 /* Constants */,
				E90A6DFD297C01E8009A1788 /* Model */,
				E90A6E00297C01FF009A1788 /* Network */,
				E943E0EE297D48D4003B7DDF /* Router */,
				E90A6E47297C0D6E009A1788 /* Base */,
				E90A6E17297C05D8009A1788 /* Tabbar */,
				E90A6E07297C035F009A1788 /* Modules */,
				E94362D1297EC9C5008710C7 /* Localizable */,
				E90A6DD6297BFF61009A1788 /* Assets.xcassets */,
				E90A6DDB297BFF61009A1788 /* Info.plist */,
			);
			path = CaseStudy;
			sourceTree = "<group>";
		};
		E90A6DE3297BFF61009A1788 /* CaseStudyTests */ = {
			isa = PBXGroup;
			children = (
				E90A6DE4297BFF61009A1788 /* CaseStudyTests.swift */,
			);
			path = CaseStudyTests;
			sourceTree = "<group>";
		};
		E90A6DED297BFF61009A1788 /* CaseStudyUITests */ = {
			isa = PBXGroup;
			children = (
				E90A6DEE297BFF61009A1788 /* CaseStudyUITests.swift */,
				E90A6DF0297BFF61009A1788 /* CaseStudyUITestsLaunchTests.swift */,
			);
			path = CaseStudyUITests;
			sourceTree = "<group>";
		};
		E90A6DFD297C01E8009A1788 /* Model */ = {
			isa = PBXGroup;
			children = (
				E90A6E67297C1732009A1788 /* Base */,
				E90A6E5C297C1195009A1788 /* Login */,
				E90A6E5F297C1284009A1788 /* Discover */,
			);
			path = Model;
			sourceTree = "<group>";
		};
		E90A6E00297C01FF009A1788 /* Network */ = {
			isa = PBXGroup;
			children = (
				E90A6E01297C0212009A1788 /* NetworkManager.swift */,
				E90A6E03297C021D009A1788 /* API.swift */,
			);
			path = Network;
			sourceTree = "<group>";
		};
		E90A6E05297C0225009A1788 /* App */ = {
			isa = PBXGroup;
			children = (
				E90A6DCF297BFF60009A1788 /* SceneDelegate.swift */,
				E90A6DCD297BFF60009A1788 /* AppDelegate.swift */,
				E943E0F4297D8311003B7DDF /* AppRouter.swift */,
				E90A6DD1297BFF60009A1788 /* ViewController.swift */,
				E90A6DD3297BFF60009A1788 /* Main.storyboard */,
				E90A6DD8297BFF61009A1788 /* LaunchScreen.storyboard */,
			);
			path = App;
			sourceTree = "<group>";
		};
		E90A6E06297C0354009A1788 /* Login */ = {
			isa = PBXGroup;
			children = (
				E943E0F1297D4A10003B7DDF /* Router */,
				E96AB5DD297C5A2200B82522 /* View */,
				E96AB5DE297C5A2900B82522 /* ViewModel */,
				E96AB5DF297C5A3000B82522 /* Repository */,
			);
			path = Login;
			sourceTree = "<group>";
		};
		E90A6E07297C035F009A1788 /* Modules */ = {
			isa = PBXGroup;
			children = (
				E90A6E06297C0354009A1788 /* Login */,
				E90A6E1C297C071D009A1788 /* Discover */,
				E90A6E3E297C0B0E009A1788 /* Reviews */,
				E90A6E1D297C080D009A1788 /* ShoppingCart */,
				E90A6E24297C088D009A1788 /* Favorites */,
				E90A6E37297C094B009A1788 /* Settings */,
			);
			path = Modules;
			sourceTree = "<group>";
		};
		E90A6E08297C038E009A1788 /* Fonts */ = {
			isa = PBXGroup;
			children = (
				E96AB5C4297C558500B82522 /* Roboto */,
				E96AB5C3297C557800B82522 /* Inter */,
			);
			path = Fonts;
			sourceTree = "<group>";
		};
		E90A6E17297C05D8009A1788 /* Tabbar */ = {
			isa = PBXGroup;
			children = (
				E90A6E18297C0601009A1788 /* TabbarVC.swift */,
				E90A6E19297C0601009A1788 /* TabbarVC.xib */,
			);
			path = Tabbar;
			sourceTree = "<group>";
		};
		E90A6E1C297C071D009A1788 /* Discover */ = {
			isa = PBXGroup;
			children = (
				E96AB5B0297C4EA100B82522 /* View */,
				E96AB5AF297C4E9600B82522 /* ViewModel */,
				E96AB5A8297C45C500B82522 /* Service */,
				E96AB5B1297C4EB400B82522 /* Repository */,
			);
			path = Discover;
			sourceTree = "<group>";
		};
		E90A6E1D297C080D009A1788 /* ShoppingCart */ = {
			isa = PBXGroup;
			children = (
				E96AB5B9297C4F3700B82522 /* View */,
				E96AB5B8297C4F3000B82522 /* ViewModel */,
				E96AB5B7297C4F1300B82522 /* Service */,
				E96AB5B6297C4F0500B82522 /* Repository */,
			);
			path = ShoppingCart;
			sourceTree = "<group>";
		};
		E90A6E24297C088D009A1788 /* Favorites */ = {
			isa = PBXGroup;
			children = (
				E96AB5BD297C4F5B00B82522 /* ViewModel */,
				E96AB5BC297C4F5600B82522 /* Service */,
				E96AB5BB297C4F4F00B82522 /* Repository */,
				E96AB5BA297C4F4900B82522 /* View */,
			);
			path = Favorites;
			sourceTree = "<group>";
		};
		E90A6E37297C094B009A1788 /* Settings */ = {
			isa = PBXGroup;
			children = (
				E96AB5C2297C4FA400B82522 /* View */,
				E96AB5C1297C4F9900B82522 /* ViewModel */,
				E96AB5C0297C4F9200B82522 /* Service */,
				E96AB5BF297C4F8900B82522 /* Repository */,
			);
			path = Settings;
			sourceTree = "<group>";
		};
		E90A6E3E297C0B0E009A1788 /* Reviews */ = {
			isa = PBXGroup;
			children = (
				E96AB5B2297C4EC700B82522 /* View */,
				E96AB5B3297C4ECD00B82522 /* ViewModel */,
				E96AB5B4297C4ED400B82522 /* Service */,
				E96AB5B5297C4EDE00B82522 /* Repository */,
			);
			path = Reviews;
			sourceTree = "<group>";
		};
		E90A6E47297C0D6E009A1788 /* Base */ = {
			isa = PBXGroup;
			children = (
				E90A6E45297C0D69009A1788 /* BaseVC.swift */,
				E90A6E48297C0D82009A1788 /* BaseVM.swift */,
				E9417B96297FEF9A006CE346 /* BaseRepository.swift */,
			);
			path = Base;
			sourceTree = "<group>";
		};
		E90A6E5C297C1195009A1788 /* Login */ = {
			isa = PBXGroup;
			children = (
				E90A6E5D297C11A3009A1788 /* LoginRequest.swift */,
				E943E0F6297D8693003B7DDF /* LoginResponse.swift */,
			);
			path = Login;
			sourceTree = "<group>";
		};
		E90A6E5F297C1284009A1788 /* Discover */ = {
			isa = PBXGroup;
			children = (
				E90A6E60297C1291009A1788 /* DiscoverResponse.swift */,
				E94362CE297E9F99008710C7 /* DiscoverModel.swift */,
			);
			path = Discover;
			sourceTree = "<group>";
		};
		E90A6E66297C1714009A1788 /* Extensions */ = {
			isa = PBXGroup;
			children = (
				E94362CC297E9914008710C7 /* String + Extensions.swift */,
				E94362EB297EF5CC008710C7 /* Array + Extensions.swift */,
				E9417B90297FC079006CE346 /* NSObject + Extensions.swift */,
				E9417B92297FC113006CE346 /* UICollectionView + Extensions.swift */,
				E9417B94297FEF05006CE346 /* UITabbarController + Extensions.swift */,
				E9417B9829801692006CE346 /* Reachability + Extensions.swift */,
			);
			path = Extensions;
			sourceTree = "<group>";
		};
		E90A6E67297C1732009A1788 /* Base */ = {
			isa = PBXGroup;
			children = (
				E90A6E68297C1747009A1788 /* BaseResponse.swift */,
			);
			path = Base;
			sourceTree = "<group>";
		};
		E90A6E8C297C2F11009A1788 /* CustomViews */ = {
			isa = PBXGroup;
			children = (
				E90A6E8D297C2F25009A1788 /* GradientView.swift */,
				E90A6E8F297C2FD1009A1788 /* CustomTextField.swift */,
				E94362D8297ECA71008710C7 /* LocalizedUI.swift */,
				E94362DC297ECF2F008710C7 /* CustomCVCell.swift */,
			);
			path = CustomViews;
			sourceTree = "<group>";
		};
		E94362C7297E766C008710C7 /* BothDiscountRateCell */ = {
			isa = PBXGroup;
			children = (
				E94362C8297E7685008710C7 /* BothDiscountRateCell.swift */,
				E94362C9297E7685008710C7 /* BothDiscountRateCell.xib */,
			);
			path = BothDiscountRateCell;
			sourceTree = "<group>";
		};
		E94362D1297EC9C5008710C7 /* Localizable */ = {
			isa = PBXGroup;
			children = (
				E94362D6297ECA45008710C7 /* Localizable.strings */,
			);
			path = Localizable;
			sourceTree = "<group>";
		};
		E94362E5297ED5C8008710C7 /* GoogleService */ = {
			isa = PBXGroup;
			children = (
				E94362E6297ED60C008710C7 /* GoogleService-Info.plist */,
			);
			path = GoogleService;
			sourceTree = "<group>";
		};
		E94362E8297EF577008710C7 /* Utils */ = {
			isa = PBXGroup;
			children = (
				E94362E9297EF58F008710C7 /* CacheManager.swift */,
			);
			path = Utils;
			sourceTree = "<group>";
		};
		E943E0EE297D48D4003B7DDF /* Router */ = {
			isa = PBXGroup;
			children = (
				E943E0EF297D48F3003B7DDF /* RouterProtocol.swift */,
			);
			path = Router;
			sourceTree = "<group>";
		};
		E943E0F1297D4A10003B7DDF /* Router */ = {
			isa = PBXGroup;
			children = (
				E943E0F2297D4A1D003B7DDF /* LoginRouter.swift */,
			);
			path = Router;
			sourceTree = "<group>";
		};
		E943E0F8297D9AC4003B7DDF /* Cell */ = {
			isa = PBXGroup;
			children = (
				E943E0FD297D9BAA003B7DDF /* WithDiscountCell */,
				E943E107297D9C4E003B7DDF /* OnlyPricedCell */,
				E943E102297D9BB1003B7DDF /* WithRateCell */,
				E94362C7297E766C008710C7 /* BothDiscountRateCell */,
			);
			path = Cell;
			sourceTree = "<group>";
		};
		E943E0FD297D9BAA003B7DDF /* WithDiscountCell */ = {
			isa = PBXGroup;
			children = (
				E943E0FE297D9BAA003B7DDF /* WithDiscountCell.swift */,
				E943E0FF297D9BAA003B7DDF /* WithDiscountCell.xib */,
			);
			path = WithDiscountCell;
			sourceTree = "<group>";
		};
		E943E102297D9BB1003B7DDF /* WithRateCell */ = {
			isa = PBXGroup;
			children = (
				E943E103297D9BE7003B7DDF /* WithRateCell.swift */,
				E943E104297D9BE7003B7DDF /* WithRateCell.xib */,
			);
			path = WithRateCell;
			sourceTree = "<group>";
		};
		E943E107297D9C4E003B7DDF /* OnlyPricedCell */ = {
			isa = PBXGroup;
			children = (
				E943E108297D9C76003B7DDF /* OnlyPricedCell.swift */,
				E943E109297D9C76003B7DDF /* OnlyPricedCell.xib */,
			);
			path = OnlyPricedCell;
			sourceTree = "<group>";
		};
		E96AB5A8297C45C500B82522 /* Service */ = {
			isa = PBXGroup;
			children = (
				E96AB5A9297C45DB00B82522 /* DiscoverDataService.swift */,
				E96AB5AB297C45F400B82522 /* DiscoverLocalDataService.swift */,
				E96AB5AD297C45FF00B82522 /* DiscoverRemoteDataService.swift */,
			);
			path = Service;
			sourceTree = "<group>";
		};
		E96AB5AF297C4E9600B82522 /* ViewModel */ = {
			isa = PBXGroup;
			children = (
				E90A6E31297C0907009A1788 /* DiscoverVM.swift */,
			);
			path = ViewModel;
			sourceTree = "<group>";
		};
		E96AB5B0297C4EA100B82522 /* View */ = {
			isa = PBXGroup;
			children = (
				E943E0F8297D9AC4003B7DDF /* Cell */,
				E90A6E33297C0928009A1788 /* DiscoverVC.swift */,
				E90A6E34297C0928009A1788 /* DiscoverVC.xib */,
			);
			path = View;
			sourceTree = "<group>";
		};
		E96AB5B1297C4EB400B82522 /* Repository */ = {
			isa = PBXGroup;
			children = (
				E90A6E6A297C189C009A1788 /* DiscoverRepository.swift */,
			);
			path = Repository;
			sourceTree = "<group>";
		};
		E96AB5B2297C4EC700B82522 /* View */ = {
			isa = PBXGroup;
			children = (
				E90A6E41297C0C85009A1788 /* ReviewsVC.swift */,
				E90A6E42297C0C85009A1788 /* ReviewsVC.xib */,
			);
			path = View;
			sourceTree = "<group>";
		};
		E96AB5B3297C4ECD00B82522 /* ViewModel */ = {
			isa = PBXGroup;
			children = (
				E90A6E3F297C0C77009A1788 /* ReviewsVM.swift */,
			);
			path = ViewModel;
			sourceTree = "<group>";
		};
		E96AB5B4297C4ED400B82522 /* Service */ = {
			isa = PBXGroup;
			children = (
			);
			path = Service;
			sourceTree = "<group>";
		};
		E96AB5B5297C4EDE00B82522 /* Repository */ = {
			isa = PBXGroup;
			children = (
				E90A6E6C297C196F009A1788 /* ReviewsRepository.swift */,
			);
			path = Repository;
			sourceTree = "<group>";
		};
		E96AB5B6297C4F0500B82522 /* Repository */ = {
			isa = PBXGroup;
			children = (
				E90A6E6E297C19A7009A1788 /* ShoppingCartRepository.swift */,
			);
			path = Repository;
			sourceTree = "<group>";
		};
		E96AB5B7297C4F1300B82522 /* Service */ = {
			isa = PBXGroup;
			children = (
			);
			path = Service;
			sourceTree = "<group>";
		};
		E96AB5B8297C4F3000B82522 /* ViewModel */ = {
			isa = PBXGroup;
			children = (
				E90A6E22297C0865009A1788 /* ShoppingCartVM.swift */,
			);
			path = ViewModel;
			sourceTree = "<group>";
		};
		E96AB5B9297C4F3700B82522 /* View */ = {
			isa = PBXGroup;
			children = (
				E90A6E1E297C0855009A1788 /* ShoppingCartVC.swift */,
				E90A6E1F297C0855009A1788 /* ShoppingCartVC.xib */,
			);
			path = View;
			sourceTree = "<group>";
		};
		E96AB5BA297C4F4900B82522 /* View */ = {
			isa = PBXGroup;
			children = (
				E90A6E29297C08B4009A1788 /* FavoritesVC.swift */,
				E90A6E2A297C08B4009A1788 /* FavoritesVC.xib */,
			);
			path = View;
			sourceTree = "<group>";
		};
		E96AB5BB297C4F4F00B82522 /* Repository */ = {
			isa = PBXGroup;
			children = (
				E90A6E70297C1A02009A1788 /* FavoritesRepository.swift */,
			);
			path = Repository;
			sourceTree = "<group>";
		};
		E96AB5BC297C4F5600B82522 /* Service */ = {
			isa = PBXGroup;
			children = (
			);
			path = Service;
			sourceTree = "<group>";
		};
		E96AB5BD297C4F5B00B82522 /* ViewModel */ = {
			isa = PBXGroup;
			children = (
				E90A6E27297C08A8009A1788 /* FavoritesVM.swift */,
			);
			path = ViewModel;
			sourceTree = "<group>";
		};
		E96AB5BF297C4F8900B82522 /* Repository */ = {
			isa = PBXGroup;
			children = (
				E90A6E72297C1A28009A1788 /* SettingsRepository.swift */,
			);
			path = Repository;
			sourceTree = "<group>";
		};
		E96AB5C0297C4F9200B82522 /* Service */ = {
			isa = PBXGroup;
			children = (
			);
			path = Service;
			sourceTree = "<group>";
		};
		E96AB5C1297C4F9900B82522 /* ViewModel */ = {
			isa = PBXGroup;
			children = (
				E90A6E38297C09D0009A1788 /* SettingsVM.swift */,
			);
			path = ViewModel;
			sourceTree = "<group>";
		};
		E96AB5C2297C4FA400B82522 /* View */ = {
			isa = PBXGroup;
			children = (
				E90A6E3A297C09E4009A1788 /* SettingsVC.swift */,
				E90A6E3B297C09E4009A1788 /* SettingsVC.xib */,
			);
			path = View;
			sourceTree = "<group>";
		};
		E96AB5C3297C557800B82522 /* Inter */ = {
			isa = PBXGroup;
			children = (
				E90A6E7F297C2627009A1788 /* Inter-Black.ttf */,
				E90A6E7A297C2626009A1788 /* Inter-Bold.ttf */,
				E90A6E80297C2627009A1788 /* Inter-ExtraBold.ttf */,
				E90A6E7C297C2627009A1788 /* Inter-ExtraLight.ttf */,
				E90A6E81297C2627009A1788 /* Inter-Light.ttf */,
				E90A6E7E297C2627009A1788 /* Inter-Medium.ttf */,
				E90A6E7D297C2627009A1788 /* Inter-Regular.ttf */,
				E90A6E7B297C2626009A1788 /* Inter-SemiBold.ttf */,
				E90A6E82297C2627009A1788 /* Inter-Thin.ttf */,
			);
			path = Inter;
			sourceTree = "<group>";
		};
		E96AB5C4297C558500B82522 /* Roboto */ = {
			isa = PBXGroup;
			children = (
				E96AB5C7297C55FC00B82522 /* Roboto-Black.ttf */,
				E96AB5CA297C55FC00B82522 /* Roboto-BlackItalic.ttf */,
				E96AB5C9297C55FC00B82522 /* Roboto-Bold.ttf */,
				E96AB5C5297C55FC00B82522 /* Roboto-BoldItalic.ttf */,
				E96AB5CD297C55FC00B82522 /* Roboto-Italic.ttf */,
				E96AB5C8297C55FC00B82522 /* Roboto-Light.ttf */,
				E96AB5CB297C55FC00B82522 /* Roboto-LightItalic.ttf */,
				E96AB5C6297C55FC00B82522 /* Roboto-Medium.ttf */,
				E96AB5D0297C55FC00B82522 /* Roboto-MediumItalic.ttf */,
				E96AB5CF297C55FC00B82522 /* Roboto-Regular.ttf */,
				E96AB5CC297C55FC00B82522 /* Roboto-Thin.ttf */,
				E96AB5CE297C55FC00B82522 /* Roboto-ThinItalic.ttf */,
			);
			path = Roboto;
			sourceTree = "<group>";
		};
		E96AB5DD297C5A2200B82522 /* View */ = {
			isa = PBXGroup;
			children = (
				E90A6E11297C0414009A1788 /* LoginVC.swift */,
				E90A6E12297C0414009A1788 /* LoginVC.xib */,
			);
			path = View;
			sourceTree = "<group>";
		};
		E96AB5DE297C5A2900B82522 /* ViewModel */ = {
			isa = PBXGroup;
			children = (
				E90A6E15297C0426009A1788 /* LoginVM.swift */,
			);
			path = ViewModel;
			sourceTree = "<group>";
		};
		E96AB5DF297C5A3000B82522 /* Repository */ = {
			isa = PBXGroup;
			children = (
				E943E0EA297D33B5003B7DDF /* LoginRepository.swift */,
			);
			path = Repository;
			sourceTree = "<group>";
		};
		E96AB5E0297C5E1700B82522 /* Constants */ = {
			isa = PBXGroup;
			children = (
				E96AB5E1297C5E3900B82522 /* StaticUrl.swift */,
				E943E0E8297D302C003B7DDF /* Colors.swift */,
				E94362C5297E6F70008710C7 /* Types.swift */,
			);
			path = Constants;
			sourceTree = "<group>";
		};
/* End PBXGroup section */

/* Begin PBXNativeTarget section */
		E90A6DC9297BFF60009A1788 /* CaseStudy */ = {
			isa = PBXNativeTarget;
			buildConfigurationList = E90A6DF4297BFF61009A1788 /* Build configuration list for PBXNativeTarget "CaseStudy" */;
			buildPhases = (
				E90A6DC6297BFF60009A1788 /* Sources */,
				E90A6DC7297BFF60009A1788 /* Frameworks */,
				E90A6DC8297BFF60009A1788 /* Resources */,
				E90A6E77297C254A009A1788 /* Embed Frameworks */,
			);
			buildRules = (
			);
			dependencies = (
			);
			name = CaseStudy;
			packageProductDependencies = (
				E90A6E4B297C0F0F009A1788 /* RxCocoa */,
				E90A6E4F297C0F0F009A1788 /* RxRelay */,
				E90A6E53297C0F0F009A1788 /* RxSwift */,
				E90A6E58297C0FAD009A1788 /* Moya */,
				E90A6E5A297C0FAE009A1788 /* RxMoya */,
				E943E10D297DA10E003B7DDF /* SDWebImage */,
				E94362DF297ED586008710C7 /* FirebaseAnalytics */,
				E94362E1297ED586008710C7 /* FirebaseAppDistribution-Beta */,
				E94362E3297ED586008710C7 /* FirebaseCrashlytics */,
				E94362EE297EF6F2008710C7 /* RxReachability */,
			);
			productName = CaseStudy;
			productReference = E90A6DCA297BFF60009A1788 /* CaseStudy.app */;
			productType = "com.apple.product-type.application";
		};
		E90A6DDF297BFF61009A1788 /* CaseStudyTests */ = {
			isa = PBXNativeTarget;
			buildConfigurationList = E90A6DF7297BFF61009A1788 /* Build configuration list for PBXNativeTarget "CaseStudyTests" */;
			buildPhases = (
				E90A6DDC297BFF61009A1788 /* Sources */,
				E90A6DDD297BFF61009A1788 /* Frameworks */,
				E90A6DDE297BFF61009A1788 /* Resources */,
			);
			buildRules = (
			);
			dependencies = (
				E90A6DE2297BFF61009A1788 /* PBXTargetDependency */,
			);
			name = CaseStudyTests;
			productName = CaseStudyTests;
			productReference = E90A6DE0297BFF61009A1788 /* CaseStudyTests.xctest */;
			productType = "com.apple.product-type.bundle.unit-test";
		};
		E90A6DE9297BFF61009A1788 /* CaseStudyUITests */ = {
			isa = PBXNativeTarget;
			buildConfigurationList = E90A6DFA297BFF61009A1788 /* Build configuration list for PBXNativeTarget "CaseStudyUITests" */;
			buildPhases = (
				E90A6DE6297BFF61009A1788 /* Sources */,
				E90A6DE7297BFF61009A1788 /* Frameworks */,
				E90A6DE8297BFF61009A1788 /* Resources */,
			);
			buildRules = (
			);
			dependencies = (
				E90A6DEC297BFF61009A1788 /* PBXTargetDependency */,
			);
			name = CaseStudyUITests;
			productName = CaseStudyUITests;
			productReference = E90A6DEA297BFF61009A1788 /* CaseStudyUITests.xctest */;
			productType = "com.apple.product-type.bundle.ui-testing";
		};
/* End PBXNativeTarget section */

/* Begin PBXProject section */
		E90A6DC2297BFF60009A1788 /* Project object */ = {
			isa = PBXProject;
			attributes = {
				BuildIndependentTargetsInParallel = 1;
				LastSwiftUpdateCheck = 1410;
				LastUpgradeCheck = 1410;
				TargetAttributes = {
					E90A6DC9297BFF60009A1788 = {
						CreatedOnToolsVersion = 14.1;
					};
					E90A6DDF297BFF61009A1788 = {
						CreatedOnToolsVersion = 14.1;
						TestTargetID = E90A6DC9297BFF60009A1788;
					};
					E90A6DE9297BFF61009A1788 = {
						CreatedOnToolsVersion = 14.1;
						TestTargetID = E90A6DC9297BFF60009A1788;
					};
				};
			};
			buildConfigurationList = E90A6DC5297BFF60009A1788 /* Build configuration list for PBXProject "CaseStudy" */;
			compatibilityVersion = "Xcode 14.0";
			developmentRegion = en;
			hasScannedForEncodings = 0;
			knownRegions = (
				en,
				Base,
				tr,
			);
			mainGroup = E90A6DC1297BFF60009A1788;
			packageReferences = (
				E90A6E4A297C0F0F009A1788 /* XCRemoteSwiftPackageReference "RxSwift" */,
				E90A6E57297C0FAD009A1788 /* XCRemoteSwiftPackageReference "Moya" */,
				E943E10C297DA10E003B7DDF /* XCRemoteSwiftPackageReference "SDWebImage" */,
				E94362DE297ED586008710C7 /* XCRemoteSwiftPackageReference "firebase-ios-sdk" */,
				E94362ED297EF6F2008710C7 /* XCRemoteSwiftPackageReference "RxReachability" */,
			);
			productRefGroup = E90A6DCB297BFF60009A1788 /* Products */;
			projectDirPath = "";
			projectRoot = "";
			targets = (
				E90A6DC9297BFF60009A1788 /* CaseStudy */,
				E90A6DDF297BFF61009A1788 /* CaseStudyTests */,
				E90A6DE9297BFF61009A1788 /* CaseStudyUITests */,
			);
		};
/* End PBXProject section */

/* Begin PBXResourcesBuildPhase section */
		E90A6DC8297BFF60009A1788 /* Resources */ = {
			isa = PBXResourcesBuildPhase;
			buildActionMask = 2147483647;
			files = (
				E90A6E89297C2627009A1788 /* Inter-ExtraBold.ttf in Resources */,
				E90A6E84297C2627009A1788 /* Inter-SemiBold.ttf in Resources */,
				E90A6E21297C0855009A1788 /* ShoppingCartVC.xib in Resources */,
				E96AB5D4297C55FC00B82522 /* Roboto-Light.ttf in Resources */,
				E96AB5D7297C55FC00B82522 /* Roboto-LightItalic.ttf in Resources */,
				E96AB5DC297C55FC00B82522 /* Roboto-MediumItalic.ttf in Resources */,
				E94362E7297ED60C008710C7 /* GoogleService-Info.plist in Resources */,
				E90A6DDA297BFF61009A1788 /* LaunchScreen.storyboard in Resources */,
				E96AB5DA297C55FC00B82522 /* Roboto-ThinItalic.ttf in Resources */,
				E90A6E8B297C2627009A1788 /* Inter-Thin.ttf in Resources */,
				E96AB5D3297C55FC00B82522 /* Roboto-Black.ttf in Resources */,
				E943E101297D9BAA003B7DDF /* WithDiscountCell.xib in Resources */,
				E90A6E83297C2627009A1788 /* Inter-Bold.ttf in Resources */,
				E94362CB297E7685008710C7 /* BothDiscountRateCell.xib in Resources */,
				E94362D4297ECA45008710C7 /* Localizable.strings in Resources */,
				E943E10B297D9C76003B7DDF /* OnlyPricedCell.xib in Resources */,
				E943E106297D9BE7003B7DDF /* WithRateCell.xib in Resources */,
				E90A6E85297C2627009A1788 /* Inter-ExtraLight.ttf in Resources */,
				E90A6DD7297BFF61009A1788 /* Assets.xcassets in Resources */,
				E96AB5DB297C55FC00B82522 /* Roboto-Regular.ttf in Resources */,
				E90A6E86297C2627009A1788 /* Inter-Regular.ttf in Resources */,
				E90A6E88297C2627009A1788 /* Inter-Black.ttf in Resources */,
				E90A6E14297C0414009A1788 /* LoginVC.xib in Resources */,
				E90A6E8A297C2627009A1788 /* Inter-Light.ttf in Resources */,
				E96AB5D5297C55FC00B82522 /* Roboto-Bold.ttf in Resources */,
				E90A6E87297C2627009A1788 /* Inter-Medium.ttf in Resources */,
				E96AB5D8297C55FC00B82522 /* Roboto-Thin.ttf in Resources */,
				E90A6E44297C0C85009A1788 /* ReviewsVC.xib in Resources */,
				E96AB5D6297C55FC00B82522 /* Roboto-BlackItalic.ttf in Resources */,
				E90A6E2C297C08B4009A1788 /* FavoritesVC.xib in Resources */,
				E90A6DD5297BFF60009A1788 /* Main.storyboard in Resources */,
				E90A6E3D297C09E4009A1788 /* SettingsVC.xib in Resources */,
				E96AB5D2297C55FC00B82522 /* Roboto-Medium.ttf in Resources */,
				E90A6E1B297C0601009A1788 /* TabbarVC.xib in Resources */,
				E96AB5D9297C55FC00B82522 /* Roboto-Italic.ttf in Resources */,
				E96AB5D1297C55FC00B82522 /* Roboto-BoldItalic.ttf in Resources */,
				E90A6E36297C0928009A1788 /* DiscoverVC.xib in Resources */,
			);
			runOnlyForDeploymentPostprocessing = 0;
		};
		E90A6DDE297BFF61009A1788 /* Resources */ = {
			isa = PBXResourcesBuildPhase;
			buildActionMask = 2147483647;
			files = (
			);
			runOnlyForDeploymentPostprocessing = 0;
		};
		E90A6DE8297BFF61009A1788 /* Resources */ = {
			isa = PBXResourcesBuildPhase;
			buildActionMask = 2147483647;
			files = (
			);
			runOnlyForDeploymentPostprocessing = 0;
		};
/* End PBXResourcesBuildPhase section */

/* Begin PBXSourcesBuildPhase section */
		E90A6DC6297BFF60009A1788 /* Sources */ = {
			isa = PBXSourcesBuildPhase;
			buildActionMask = 2147483647;
			files = (
				E90A6E16297C0426009A1788 /* LoginVM.swift in Sources */,
				E90A6E35297C0928009A1788 /* DiscoverVC.swift in Sources */,
				E943E0F7297D8693003B7DDF /* LoginResponse.swift in Sources */,
				E9417B95297FEF05006CE346 /* UITabbarController + Extensions.swift in Sources */,
				E90A6E8E297C2F25009A1788 /* GradientView.swift in Sources */,
				E94362EC297EF5CC008710C7 /* Array + Extensions.swift in Sources */,
				E9417B9929801692006CE346 /* Reachability + Extensions.swift in Sources */,
				E90A6E02297C0212009A1788 /* NetworkManager.swift in Sources */,
				E90A6E28297C08A8009A1788 /* FavoritesVM.swift in Sources */,
				E94362D9297ECA71008710C7 /* LocalizedUI.swift in Sources */,
				E90A6E46297C0D69009A1788 /* BaseVC.swift in Sources */,
				E90A6DD2297BFF60009A1788 /* ViewController.swift in Sources */,
				E943E100297D9BAA003B7DDF /* WithDiscountCell.swift in Sources */,
				E90A6E3C297C09E4009A1788 /* SettingsVC.swift in Sources */,
				E94362CF297E9F99008710C7 /* DiscoverModel.swift in Sources */,
				E90A6E20297C0855009A1788 /* ShoppingCartVC.swift in Sources */,
				E943E105297D9BE7003B7DDF /* WithRateCell.swift in Sources */,
				E943E10A297D9C76003B7DDF /* OnlyPricedCell.swift in Sources */,
				E90A6E13297C0414009A1788 /* LoginVC.swift in Sources */,
				E90A6E61297C1291009A1788 /* DiscoverResponse.swift in Sources */,
				E943E0F3297D4A1D003B7DDF /* LoginRouter.swift in Sources */,
				E94362CA297E7685008710C7 /* BothDiscountRateCell.swift in Sources */,
				E90A6E49297C0D82009A1788 /* BaseVM.swift in Sources */,
				E90A6DCE297BFF60009A1788 /* AppDelegate.swift in Sources */,
				E96AB5AE297C460000B82522 /* DiscoverRemoteDataService.swift in Sources */,
				E90A6DD0297BFF60009A1788 /* SceneDelegate.swift in Sources */,
				E94362DD297ECF2F008710C7 /* CustomCVCell.swift in Sources */,
				E90A6E5E297C11A3009A1788 /* LoginRequest.swift in Sources */,
				E90A6E69297C1747009A1788 /* BaseResponse.swift in Sources */,
				E9417B97297FEF9A006CE346 /* BaseRepository.swift in Sources */,
				E943E0EB297D33B5003B7DDF /* LoginRepository.swift in Sources */,
				E90A6E2B297C08B4009A1788 /* FavoritesVC.swift in Sources */,
				E90A6E90297C2FD1009A1788 /* CustomTextField.swift in Sources */,
				E90A6E71297C1A02009A1788 /* FavoritesRepository.swift in Sources */,
				E90A6E40297C0C77009A1788 /* ReviewsVM.swift in Sources */,
				E90A6E6D297C196F009A1788 /* ReviewsRepository.swift in Sources */,
				E90A6E32297C0907009A1788 /* DiscoverVM.swift in Sources */,
				E943E0E9297D302C003B7DDF /* Colors.swift in Sources */,
				E943E0F0297D48F3003B7DDF /* RouterProtocol.swift in Sources */,
				E94362CD297E9914008710C7 /* String + Extensions.swift in Sources */,
				E94362EA297EF58F008710C7 /* CacheManager.swift in Sources */,
				E943E0F5297D8311003B7DDF /* AppRouter.swift in Sources */,
				E96AB5AA297C45DB00B82522 /* DiscoverDataService.swift in Sources */,
				E90A6E73297C1A28009A1788 /* SettingsRepository.swift in Sources */,
				E96AB5AC297C45F400B82522 /* DiscoverLocalDataService.swift in Sources */,
				E90A6E6B297C189C009A1788 /* DiscoverRepository.swift in Sources */,
				E96AB5E2297C5E3900B82522 /* StaticUrl.swift in Sources */,
				E90A6E1A297C0601009A1788 /* TabbarVC.swift in Sources */,
				E90A6E43297C0C85009A1788 /* ReviewsVC.swift in Sources */,
				E94362C6297E6F70008710C7 /* Types.swift in Sources */,
				E90A6E23297C0865009A1788 /* ShoppingCartVM.swift in Sources */,
				E9417B93297FC113006CE346 /* UICollectionView + Extensions.swift in Sources */,
				E90A6E04297C021D009A1788 /* API.swift in Sources */,
				E9417B91297FC079006CE346 /* NSObject + Extensions.swift in Sources */,
				E90A6E39297C09D0009A1788 /* SettingsVM.swift in Sources */,
				E90A6E6F297C19A7009A1788 /* ShoppingCartRepository.swift in Sources */,
			);
			runOnlyForDeploymentPostprocessing = 0;
		};
		E90A6DDC297BFF61009A1788 /* Sources */ = {
			isa = PBXSourcesBuildPhase;
			buildActionMask = 2147483647;
			files = (
				E90A6DE5297BFF61009A1788 /* CaseStudyTests.swift in Sources */,
			);
			runOnlyForDeploymentPostprocessing = 0;
		};
		E90A6DE6297BFF61009A1788 /* Sources */ = {
			isa = PBXSourcesBuildPhase;
			buildActionMask = 2147483647;
			files = (
				E90A6DF1297BFF61009A1788 /* CaseStudyUITestsLaunchTests.swift in Sources */,
				E90A6DEF297BFF61009A1788 /* CaseStudyUITests.swift in Sources */,
			);
			runOnlyForDeploymentPostprocessing = 0;
		};
/* End PBXSourcesBuildPhase section */

/* Begin PBXTargetDependency section */
		E90A6DE2297BFF61009A1788 /* PBXTargetDependency */ = {
			isa = PBXTargetDependency;
			target = E90A6DC9297BFF60009A1788 /* CaseStudy */;
			targetProxy = E90A6DE1297BFF61009A1788 /* PBXContainerItemProxy */;
		};
		E90A6DEC297BFF61009A1788 /* PBXTargetDependency */ = {
			isa = PBXTargetDependency;
			target = E90A6DC9297BFF60009A1788 /* CaseStudy */;
			targetProxy = E90A6DEB297BFF61009A1788 /* PBXContainerItemProxy */;
		};
/* End PBXTargetDependency section */

/* Begin PBXVariantGroup section */
		E90A6DD3297BFF60009A1788 /* Main.storyboard */ = {
			isa = PBXVariantGroup;
			children = (
				E90A6DD4297BFF60009A1788 /* Base */,
			);
			name = Main.storyboard;
			sourceTree = "<group>";
		};
		E90A6DD8297BFF61009A1788 /* LaunchScreen.storyboard */ = {
			isa = PBXVariantGroup;
			children = (
				E90A6DD9297BFF61009A1788 /* Base */,
			);
			name = LaunchScreen.storyboard;
			sourceTree = "<group>";
		};
		E94362D6297ECA45008710C7 /* Localizable.strings */ = {
			isa = PBXVariantGroup;
			children = (
				E94362D5297ECA45008710C7 /* en */,
				E94362D7297ECA57008710C7 /* tr */,
			);
			name = Localizable.strings;
			sourceTree = "<group>";
		};
/* End PBXVariantGroup section */

/* Begin XCBuildConfiguration section */
		E90A6DF2297BFF61009A1788 /* Debug */ = {
			isa = XCBuildConfiguration;
			buildSettings = {
				ALWAYS_SEARCH_USER_PATHS = NO;
				CLANG_ANALYZER_LOCALIZABILITY_NONLOCALIZED = YES;
				CLANG_ANALYZER_NONNULL = YES;
				CLANG_ANALYZER_NUMBER_OBJECT_CONVERSION = YES_AGGRESSIVE;
				CLANG_CXX_LANGUAGE_STANDARD = "gnu++20";
				CLANG_ENABLE_MODULES = YES;
				CLANG_ENABLE_OBJC_ARC = YES;
				CLANG_ENABLE_OBJC_WEAK = YES;
				CLANG_WARN_BLOCK_CAPTURE_AUTORELEASING = YES;
				CLANG_WARN_BOOL_CONVERSION = YES;
				CLANG_WARN_COMMA = YES;
				CLANG_WARN_CONSTANT_CONVERSION = YES;
				CLANG_WARN_DEPRECATED_OBJC_IMPLEMENTATIONS = YES;
				CLANG_WARN_DIRECT_OBJC_ISA_USAGE = YES_ERROR;
				CLANG_WARN_DOCUMENTATION_COMMENTS = YES;
				CLANG_WARN_EMPTY_BODY = YES;
				CLANG_WARN_ENUM_CONVERSION = YES;
				CLANG_WARN_INFINITE_RECURSION = YES;
				CLANG_WARN_INT_CONVERSION = YES;
				CLANG_WARN_NON_LITERAL_NULL_CONVERSION = YES;
				CLANG_WARN_OBJC_IMPLICIT_RETAIN_SELF = YES;
				CLANG_WARN_OBJC_LITERAL_CONVERSION = YES;
				CLANG_WARN_OBJC_ROOT_CLASS = YES_ERROR;
				CLANG_WARN_QUOTED_INCLUDE_IN_FRAMEWORK_HEADER = YES;
				CLANG_WARN_RANGE_LOOP_ANALYSIS = YES;
				CLANG_WARN_STRICT_PROTOTYPES = YES;
				CLANG_WARN_SUSPICIOUS_MOVE = YES;
				CLANG_WARN_UNGUARDED_AVAILABILITY = YES_AGGRESSIVE;
				CLANG_WARN_UNREACHABLE_CODE = YES;
				CLANG_WARN__DUPLICATE_METHOD_MATCH = YES;
				COPY_PHASE_STRIP = NO;
				DEBUG_INFORMATION_FORMAT = dwarf;
				ENABLE_STRICT_OBJC_MSGSEND = YES;
				ENABLE_TESTABILITY = YES;
				GCC_C_LANGUAGE_STANDARD = gnu11;
				GCC_DYNAMIC_NO_PIC = NO;
				GCC_NO_COMMON_BLOCKS = YES;
				GCC_OPTIMIZATION_LEVEL = 0;
				GCC_PREPROCESSOR_DEFINITIONS = (
					"DEBUG=1",
					"$(inherited)",
				);
				GCC_WARN_64_TO_32_BIT_CONVERSION = YES;
				GCC_WARN_ABOUT_RETURN_TYPE = YES_ERROR;
				GCC_WARN_UNDECLARED_SELECTOR = YES;
				GCC_WARN_UNINITIALIZED_AUTOS = YES_AGGRESSIVE;
				GCC_WARN_UNUSED_FUNCTION = YES;
				GCC_WARN_UNUSED_VARIABLE = YES;
				IPHONEOS_DEPLOYMENT_TARGET = 15.1;
				MTL_ENABLE_DEBUG_INFO = INCLUDE_SOURCE;
				MTL_FAST_MATH = YES;
				ONLY_ACTIVE_ARCH = YES;
				SDKROOT = iphoneos;
				SWIFT_ACTIVE_COMPILATION_CONDITIONS = DEBUG;
				SWIFT_OPTIMIZATION_LEVEL = "-Onone";
			};
			name = Debug;
		};
		E90A6DF3297BFF61009A1788 /* Release */ = {
			isa = XCBuildConfiguration;
			buildSettings = {
				ALWAYS_SEARCH_USER_PATHS = NO;
				CLANG_ANALYZER_LOCALIZABILITY_NONLOCALIZED = YES;
				CLANG_ANALYZER_NONNULL = YES;
				CLANG_ANALYZER_NUMBER_OBJECT_CONVERSION = YES_AGGRESSIVE;
				CLANG_CXX_LANGUAGE_STANDARD = "gnu++20";
				CLANG_ENABLE_MODULES = YES;
				CLANG_ENABLE_OBJC_ARC = YES;
				CLANG_ENABLE_OBJC_WEAK = YES;
				CLANG_WARN_BLOCK_CAPTURE_AUTORELEASING = YES;
				CLANG_WARN_BOOL_CONVERSION = YES;
				CLANG_WARN_COMMA = YES;
				CLANG_WARN_CONSTANT_CONVERSION = YES;
				CLANG_WARN_DEPRECATED_OBJC_IMPLEMENTATIONS = YES;
				CLANG_WARN_DIRECT_OBJC_ISA_USAGE = YES_ERROR;
				CLANG_WARN_DOCUMENTATION_COMMENTS = YES;
				CLANG_WARN_EMPTY_BODY = YES;
				CLANG_WARN_ENUM_CONVERSION = YES;
				CLANG_WARN_INFINITE_RECURSION = YES;
				CLANG_WARN_INT_CONVERSION = YES;
				CLANG_WARN_NON_LITERAL_NULL_CONVERSION = YES;
				CLANG_WARN_OBJC_IMPLICIT_RETAIN_SELF = YES;
				CLANG_WARN_OBJC_LITERAL_CONVERSION = YES;
				CLANG_WARN_OBJC_ROOT_CLASS = YES_ERROR;
				CLANG_WARN_QUOTED_INCLUDE_IN_FRAMEWORK_HEADER = YES;
				CLANG_WARN_RANGE_LOOP_ANALYSIS = YES;
				CLANG_WARN_STRICT_PROTOTYPES = YES;
				CLANG_WARN_SUSPICIOUS_MOVE = YES;
				CLANG_WARN_UNGUARDED_AVAILABILITY = YES_AGGRESSIVE;
				CLANG_WARN_UNREACHABLE_CODE = YES;
				CLANG_WARN__DUPLICATE_METHOD_MATCH = YES;
				COPY_PHASE_STRIP = NO;
				DEBUG_INFORMATION_FORMAT = "dwarf-with-dsym";
				ENABLE_NS_ASSERTIONS = NO;
				ENABLE_STRICT_OBJC_MSGSEND = YES;
				GCC_C_LANGUAGE_STANDARD = gnu11;
				GCC_NO_COMMON_BLOCKS = YES;
				GCC_WARN_64_TO_32_BIT_CONVERSION = YES;
				GCC_WARN_ABOUT_RETURN_TYPE = YES_ERROR;
				GCC_WARN_UNDECLARED_SELECTOR = YES;
				GCC_WARN_UNINITIALIZED_AUTOS = YES_AGGRESSIVE;
				GCC_WARN_UNUSED_FUNCTION = YES;
				GCC_WARN_UNUSED_VARIABLE = YES;
				IPHONEOS_DEPLOYMENT_TARGET = 15.1;
				MTL_ENABLE_DEBUG_INFO = NO;
				MTL_FAST_MATH = YES;
				SDKROOT = iphoneos;
				SWIFT_COMPILATION_MODE = wholemodule;
				SWIFT_OPTIMIZATION_LEVEL = "-O";
				VALIDATE_PRODUCT = YES;
			};
			name = Release;
		};
		E90A6DF5297BFF61009A1788 /* Debug */ = {
			isa = XCBuildConfiguration;
			buildSettings = {
				ASSETCATALOG_COMPILER_APPICON_NAME = AppIcon;
				ASSETCATALOG_COMPILER_GLOBAL_ACCENT_COLOR_NAME = AccentColor;
				CODE_SIGN_STYLE = Automatic;
				CURRENT_PROJECT_VERSION = 1;
				DEVELOPMENT_TEAM = NJ5HM974QD;
				GENERATE_INFOPLIST_FILE = YES;
				INFOPLIST_FILE = CaseStudy/Info.plist;
				INFOPLIST_KEY_UIApplicationSupportsIndirectInputEvents = YES;
				INFOPLIST_KEY_UILaunchStoryboardName = LaunchScreen;
				INFOPLIST_KEY_UIMainStoryboardFile = Main;
				INFOPLIST_KEY_UISupportedInterfaceOrientations_iPad = "UIInterfaceOrientationPortrait UIInterfaceOrientationPortraitUpsideDown UIInterfaceOrientationLandscapeLeft UIInterfaceOrientationLandscapeRight";
				INFOPLIST_KEY_UISupportedInterfaceOrientations_iPhone = "UIInterfaceOrientationPortrait UIInterfaceOrientationLandscapeLeft UIInterfaceOrientationLandscapeRight";
				LD_RUNPATH_SEARCH_PATHS = (
					"$(inherited)",
					"@executable_path/Frameworks",
				);
				MARKETING_VERSION = 1.0;
				PRODUCT_BUNDLE_IDENTIFIER = com.definex.CaseStudy;
				PRODUCT_NAME = "$(TARGET_NAME)";
				SWIFT_EMIT_LOC_STRINGS = YES;
				SWIFT_VERSION = 5.0;
				TARGETED_DEVICE_FAMILY = "1,2";
			};
			name = Debug;
		};
		E90A6DF6297BFF61009A1788 /* Release */ = {
			isa = XCBuildConfiguration;
			buildSettings = {
				ASSETCATALOG_COMPILER_APPICON_NAME = AppIcon;
				ASSETCATALOG_COMPILER_GLOBAL_ACCENT_COLOR_NAME = AccentColor;
				CODE_SIGN_STYLE = Automatic;
				CURRENT_PROJECT_VERSION = 1;
				DEVELOPMENT_TEAM = NJ5HM974QD;
				GENERATE_INFOPLIST_FILE = YES;
				INFOPLIST_FILE = CaseStudy/Info.plist;
				INFOPLIST_KEY_UIApplicationSupportsIndirectInputEvents = YES;
				INFOPLIST_KEY_UILaunchStoryboardName = LaunchScreen;
				INFOPLIST_KEY_UIMainStoryboardFile = Main;
				INFOPLIST_KEY_UISupportedInterfaceOrientations_iPad = "UIInterfaceOrientationPortrait UIInterfaceOrientationPortraitUpsideDown UIInterfaceOrientationLandscapeLeft UIInterfaceOrientationLandscapeRight";
				INFOPLIST_KEY_UISupportedInterfaceOrientations_iPhone = "UIInterfaceOrientationPortrait UIInterfaceOrientationLandscapeLeft UIInterfaceOrientationLandscapeRight";
				LD_RUNPATH_SEARCH_PATHS = (
					"$(inherited)",
					"@executable_path/Frameworks",
				);
				MARKETING_VERSION = 1.0;
				PRODUCT_BUNDLE_IDENTIFIER = com.definex.CaseStudy;
				PRODUCT_NAME = "$(TARGET_NAME)";
				SWIFT_EMIT_LOC_STRINGS = YES;
				SWIFT_VERSION = 5.0;
				TARGETED_DEVICE_FAMILY = "1,2";
			};
			name = Release;
		};
		E90A6DF8297BFF61009A1788 /* Debug */ = {
			isa = XCBuildConfiguration;
			buildSettings = {
				ALWAYS_EMBED_SWIFT_STANDARD_LIBRARIES = YES;
				BUNDLE_LOADER = "$(TEST_HOST)";
				CODE_SIGN_STYLE = Automatic;
				CURRENT_PROJECT_VERSION = 1;
				DEVELOPMENT_TEAM = NJ5HM974QD;
				GENERATE_INFOPLIST_FILE = YES;
				IPHONEOS_DEPLOYMENT_TARGET = 15.1;
				MARKETING_VERSION = 1.0;
				PRODUCT_BUNDLE_IDENTIFIER = com.definex.CaseStudyTests;
				PRODUCT_NAME = "$(TARGET_NAME)";
				SWIFT_EMIT_LOC_STRINGS = NO;
				SWIFT_VERSION = 5.0;
				TARGETED_DEVICE_FAMILY = "1,2";
				TEST_HOST = "$(BUILT_PRODUCTS_DIR)/CaseStudy.app/$(BUNDLE_EXECUTABLE_FOLDER_PATH)/CaseStudy";
			};
			name = Debug;
		};
		E90A6DF9297BFF61009A1788 /* Release */ = {
			isa = XCBuildConfiguration;
			buildSettings = {
				ALWAYS_EMBED_SWIFT_STANDARD_LIBRARIES = YES;
				BUNDLE_LOADER = "$(TEST_HOST)";
				CODE_SIGN_STYLE = Automatic;
				CURRENT_PROJECT_VERSION = 1;
				DEVELOPMENT_TEAM = NJ5HM974QD;
				GENERATE_INFOPLIST_FILE = YES;
				IPHONEOS_DEPLOYMENT_TARGET = 15.1;
				MARKETING_VERSION = 1.0;
				PRODUCT_BUNDLE_IDENTIFIER = com.definex.CaseStudyTests;
				PRODUCT_NAME = "$(TARGET_NAME)";
				SWIFT_EMIT_LOC_STRINGS = NO;
				SWIFT_VERSION = 5.0;
				TARGETED_DEVICE_FAMILY = "1,2";
				TEST_HOST = "$(BUILT_PRODUCTS_DIR)/CaseStudy.app/$(BUNDLE_EXECUTABLE_FOLDER_PATH)/CaseStudy";
			};
			name = Release;
		};
		E90A6DFB297BFF61009A1788 /* Debug */ = {
			isa = XCBuildConfiguration;
			buildSettings = {
				ALWAYS_EMBED_SWIFT_STANDARD_LIBRARIES = YES;
				CODE_SIGN_STYLE = Automatic;
				CURRENT_PROJECT_VERSION = 1;
				DEVELOPMENT_TEAM = NJ5HM974QD;
				GENERATE_INFOPLIST_FILE = YES;
				MARKETING_VERSION = 1.0;
				PRODUCT_BUNDLE_IDENTIFIER = com.definex.CaseStudyUITests;
				PRODUCT_NAME = "$(TARGET_NAME)";
				SWIFT_EMIT_LOC_STRINGS = NO;
				SWIFT_VERSION = 5.0;
				TARGETED_DEVICE_FAMILY = "1,2";
				TEST_TARGET_NAME = CaseStudy;
			};
			name = Debug;
		};
		E90A6DFC297BFF61009A1788 /* Release */ = {
			isa = XCBuildConfiguration;
			buildSettings = {
				ALWAYS_EMBED_SWIFT_STANDARD_LIBRARIES = YES;
				CODE_SIGN_STYLE = Automatic;
				CURRENT_PROJECT_VERSION = 1;
				DEVELOPMENT_TEAM = NJ5HM974QD;
				GENERATE_INFOPLIST_FILE = YES;
				MARKETING_VERSION = 1.0;
				PRODUCT_BUNDLE_IDENTIFIER = com.definex.CaseStudyUITests;
				PRODUCT_NAME = "$(TARGET_NAME)";
				SWIFT_EMIT_LOC_STRINGS = NO;
				SWIFT_VERSION = 5.0;
				TARGETED_DEVICE_FAMILY = "1,2";
				TEST_TARGET_NAME = CaseStudy;
			};
			name = Release;
		};
/* End XCBuildConfiguration section */

/* Begin XCConfigurationList section */
		E90A6DC5297BFF60009A1788 /* Build configuration list for PBXProject "CaseStudy" */ = {
			isa = XCConfigurationList;
			buildConfigurations = (
				E90A6DF2297BFF61009A1788 /* Debug */,
				E90A6DF3297BFF61009A1788 /* Release */,
			);
			defaultConfigurationIsVisible = 0;
			defaultConfigurationName = Release;
		};
		E90A6DF4297BFF61009A1788 /* Build configuration list for PBXNativeTarget "CaseStudy" */ = {
			isa = XCConfigurationList;
			buildConfigurations = (
				E90A6DF5297BFF61009A1788 /* Debug */,
				E90A6DF6297BFF61009A1788 /* Release */,
			);
			defaultConfigurationIsVisible = 0;
			defaultConfigurationName = Release;
		};
		E90A6DF7297BFF61009A1788 /* Build configuration list for PBXNativeTarget "CaseStudyTests" */ = {
			isa = XCConfigurationList;
			buildConfigurations = (
				E90A6DF8297BFF61009A1788 /* Debug */,
				E90A6DF9297BFF61009A1788 /* Release */,
			);
			defaultConfigurationIsVisible = 0;
			defaultConfigurationName = Release;
		};
		E90A6DFA297BFF61009A1788 /* Build configuration list for PBXNativeTarget "CaseStudyUITests" */ = {
			isa = XCConfigurationList;
			buildConfigurations = (
				E90A6DFB297BFF61009A1788 /* Debug */,
				E90A6DFC297BFF61009A1788 /* Release */,
			);
			defaultConfigurationIsVisible = 0;
			defaultConfigurationName = Release;
		};
/* End XCConfigurationList section */

/* Begin XCRemoteSwiftPackageReference section */
		E90A6E4A297C0F0F009A1788 /* XCRemoteSwiftPackageReference "RxSwift" */ = {
			isa = XCRemoteSwiftPackageReference;
			repositoryURL = "https://github.com/ReactiveX/RxSwift.git";
			requirement = {
				kind = upToNextMajorVersion;
				minimumVersion = 6.0.0;
			};
		};
		E90A6E57297C0FAD009A1788 /* XCRemoteSwiftPackageReference "Moya" */ = {
			isa = XCRemoteSwiftPackageReference;
			repositoryURL = "https://github.com/Moya/Moya.git";
			requirement = {
				kind = upToNextMajorVersion;
				minimumVersion = 15.0.0;
			};
		};
		E94362DE297ED586008710C7 /* XCRemoteSwiftPackageReference "firebase-ios-sdk" */ = {
			isa = XCRemoteSwiftPackageReference;
			repositoryURL = "https://github.com/firebase/firebase-ios-sdk";
			requirement = {
				kind = upToNextMajorVersion;
				minimumVersion = 9.0.0;
			};
		};
		E94362ED297EF6F2008710C7 /* XCRemoteSwiftPackageReference "RxReachability" */ = {
			isa = XCRemoteSwiftPackageReference;
			repositoryURL = "https://github.com/RxSwiftCommunity/RxReachability";
			requirement = {
				kind = upToNextMajorVersion;
				minimumVersion = 1.0.0;
			};
		};
		E943E10C297DA10E003B7DDF /* XCRemoteSwiftPackageReference "SDWebImage" */ = {
			isa = XCRemoteSwiftPackageReference;
			repositoryURL = "https://github.com/SDWebImage/SDWebImage.git";
			requirement = {
				kind = upToNextMajorVersion;
				minimumVersion = 5.0.0;
			};
		};
/* End XCRemoteSwiftPackageReference section */

/* Begin XCSwiftPackageProductDependency section */
		E90A6E4B297C0F0F009A1788 /* RxCocoa */ = {
			isa = XCSwiftPackageProductDependency;
			package = E90A6E4A297C0F0F009A1788 /* XCRemoteSwiftPackageReference "RxSwift" */;
			productName = RxCocoa;
		};
		E90A6E4F297C0F0F009A1788 /* RxRelay */ = {
			isa = XCSwiftPackageProductDependency;
			package = E90A6E4A297C0F0F009A1788 /* XCRemoteSwiftPackageReference "RxSwift" */;
			productName = RxRelay;
		};
		E90A6E53297C0F0F009A1788 /* RxSwift */ = {
			isa = XCSwiftPackageProductDependency;
			package = E90A6E4A297C0F0F009A1788 /* XCRemoteSwiftPackageReference "RxSwift" */;
			productName = RxSwift;
		};
		E90A6E58297C0FAD009A1788 /* Moya */ = {
			isa = XCSwiftPackageProductDependency;
			package = E90A6E57297C0FAD009A1788 /* XCRemoteSwiftPackageReference "Moya" */;
			productName = Moya;
		};
		E90A6E5A297C0FAE009A1788 /* RxMoya */ = {
			isa = XCSwiftPackageProductDependency;
			package = E90A6E57297C0FAD009A1788 /* XCRemoteSwiftPackageReference "Moya" */;
			productName = RxMoya;
		};
		E94362DF297ED586008710C7 /* FirebaseAnalytics */ = {
			isa = XCSwiftPackageProductDependency;
			package = E94362DE297ED586008710C7 /* XCRemoteSwiftPackageReference "firebase-ios-sdk" */;
			productName = FirebaseAnalytics;
		};
		E94362E1297ED586008710C7 /* FirebaseAppDistribution-Beta */ = {
			isa = XCSwiftPackageProductDependency;
			package = E94362DE297ED586008710C7 /* XCRemoteSwiftPackageReference "firebase-ios-sdk" */;
			productName = "FirebaseAppDistribution-Beta";
		};
		E94362E3297ED586008710C7 /* FirebaseCrashlytics */ = {
			isa = XCSwiftPackageProductDependency;
			package = E94362DE297ED586008710C7 /* XCRemoteSwiftPackageReference "firebase-ios-sdk" */;
			productName = FirebaseCrashlytics;
		};
		E94362EE297EF6F2008710C7 /* RxReachability */ = {
			isa = XCSwiftPackageProductDependency;
			package = E94362ED297EF6F2008710C7 /* XCRemoteSwiftPackageReference "RxReachability" */;
			productName = RxReachability;
		};
		E943E10D297DA10E003B7DDF /* SDWebImage */ = {
			isa = XCSwiftPackageProductDependency;
			package = E943E10C297DA10E003B7DDF /* XCRemoteSwiftPackageReference "SDWebImage" */;
			productName = SDWebImage;
		};
/* End XCSwiftPackageProductDependency section */
	};
	rootObject = E90A6DC2297BFF60009A1788 /* Project object */;
}
