// !$*UTF8*$!
{
	archiveVersion = 1;
	classes = {
	};
	objectVersion = 56;
	objects = {

/* Begin PBXBuildFile section */
		E90A6DCE297BFF60009A1788 /* AppDelegate.swift in Sources */ = {isa = PBXBuildFile; fileRef = E90A6DCD297BFF60009A1788 /* AppDelegate.swift */; };
		E90A6DD0297BFF60009A1788 /* SceneDelegate.swift in Sources */ = {isa = PBXBuildFile; fileRef = E90A6DCF297BFF60009A1788 /* SceneDelegate.swift */; };
		E90A6DD2297BFF60009A1788 /* ViewController.swift in Sources */ = {isa = PBXBuildFile; fileRef = E90A6DD1297BFF60009A1788 /* ViewController.swift */; };
		E90A6DD5297BFF60009A1788 /* Main.storyboard in Resources */ = {isa = PBXBuildFile; fileRef = E90A6DD3297BFF60009A1788 /* Main.storyboard */; };
		E90A6DD7297BFF61009A1788 /* Assets.xcassets in Resources */ = {isa = PBXBuildFile; fileRef = E90A6DD6297BFF61009A1788 /* Assets.xcassets */; };
		E90A6DDA297BFF61009A1788 /* LaunchScreen.storyboard in Resources */ = {isa = PBXBuildFile; fileRef = E90A6DD8297BFF61009A1788 /* LaunchScreen.storyboard */; };
		E90A6DE5297BFF61009A1788 /* CaseStudyTests.swift in Sources */ = {isa = PBXBuildFile; fileRef = E90A6DE4297BFF61009A1788 /* CaseStudyTests.swift */; };
		E90A6DEF297BFF61009A1788 /* CaseStudyUITests.swift in Sources */ = {isa = PBXBuildFile; fileRef = E90A6DEE297BFF61009A1788 /* CaseStudyUITests.swift */; };
		E90A6DF1297BFF61009A1788 /* CaseStudyUITestsLaunchTests.swift in Sources */ = {isa = PBXBuildFile; fileRef = E90A6DF0297BFF61009A1788 /* CaseStudyUITestsLaunchTests.swift */; };
/* End PBXBuildFile section */

/* Begin PBXContainerItemProxy section */
		E90A6DE1297BFF61009A1788 /* PBXContainerItemProxy */ = {
			isa = PBXContainerItemProxy;
			containerPortal = E90A6DC2297BFF60009A1788 /* Project object */;
			proxyType = 1;
			remoteGlobalIDString = E90A6DC9297BFF60009A1788;
			remoteInfo = CaseStudy;
		};
		E90A6DEB297BFF61009A1788 /* PBXContainerItemProxy */ = {
			isa = PBXContainerItemProxy;
			containerPortal = E90A6DC2297BFF60009A1788 /* Project object */;
			proxyType = 1;
			remoteGlobalIDString = E90A6DC9297BFF60009A1788;
			remoteInfo = CaseStudy;
		};
/* End PBXContainerItemProxy section */

/* Begin PBXFileReference section */
		E90A6DCA297BFF60009A1788 /* CaseStudy.app */ = {isa = PBXFileReference; explicitFileType = wrapper.application; includeInIndex = 0; path = CaseStudy.app; sourceTree = BUILT_PRODUCTS_DIR; };
		E90A6DCD297BFF60009A1788 /* AppDelegate.swift */ = {isa = PBXFileReference; lastKnownFileType = sourcecode.swift; path = AppDelegate.swift; sourceTree = "<group>"; };
		E90A6DCF297BFF60009A1788 /* SceneDelegate.swift */ = {isa = PBXFileReference; lastKnownFileType = sourcecode.swift; path = SceneDelegate.swift; sourceTree = "<group>"; };
		E90A6DD1297BFF60009A1788 /* ViewController.swift */ = {isa = PBXFileReference; lastKnownFileType = sourcecode.swift; path = ViewController.swift; sourceTree = "<group>"; };
		E90A6DD4297BFF60009A1788 /* Base */ = {isa = PBXFileReference; lastKnownFileType = file.storyboard; name = Base; path = Base.lproj/Main.storyboard; sourceTree = "<group>"; };
		E90A6DD6297BFF61009A1788 /* Assets.xcassets */ = {isa = PBXFileReference; lastKnownFileType = folder.assetcatalog; path = Assets.xcassets; sourceTree = "<group>"; };
		E90A6DD9297BFF61009A1788 /* Base */ = {isa = PBXFileReference; lastKnownFileType = file.storyboard; name = Base; path = Base.lproj/LaunchScreen.storyboard; sourceTree = "<group>"; };
		E90A6DDB297BFF61009A1788 /* Info.plist */ = {isa = PBXFileReference; lastKnownFileType = text.plist.xml; path = Info.plist; sourceTree = "<group>"; };
		E90A6DE0297BFF61009A1788 /* CaseStudyTests.xctest */ = {isa = PBXFileReference; explicitFileType = wrapper.cfbundle; includeInIndex = 0; path = CaseStudyTests.xctest; sourceTree = BUILT_PRODUCTS_DIR; };
		E90A6DE4297BFF61009A1788 /* CaseStudyTests.swift */ = {isa = PBXFileReference; lastKnownFileType = sourcecode.swift; path = CaseStudyTests.swift; sourceTree = "<group>"; };
		E90A6DEA297BFF61009A1788 /* CaseStudyUITests.xctest */ = {isa = PBXFileReference; explicitFileType = wrapper.cfbundle; includeInIndex = 0; path = CaseStudyUITests.xctest; sourceTree = BUILT_PRODUCTS_DIR; };
		E90A6DEE297BFF61009A1788 /* CaseStudyUITests.swift */ = {isa = PBXFileReference; lastKnownFileType = sourcecode.swift; path = CaseStudyUITests.swift; sourceTree = "<group>"; };
		E90A6DF0297BFF61009A1788 /* CaseStudyUITestsLaunchTests.swift */ = {isa = PBXFileReference; lastKnownFileType = sourcecode.swift; path = CaseStudyUITestsLaunchTests.swift; sourceTree = "<group>"; };
/* End PBXFileReference section */

/* Begin PBXFrameworksBuildPhase section */
		E90A6DC7297BFF60009A1788 /* Frameworks */ = {
			isa = PBXFrameworksBuildPhase;
			buildActionMask = 2147483647;
			files = (
			);
			runOnlyForDeploymentPostprocessing = 0;
		};
		E90A6DDD297BFF61009A1788 /* Frameworks */ = {
			isa = PBXFrameworksBuildPhase;
			buildActionMask = 2147483647;
			files = (
			);
			runOnlyForDeploymentPostprocessing = 0;
		};
		E90A6DE7297BFF61009A1788 /* Frameworks */ = {
			isa = PBXFrameworksBuildPhase;
			buildActionMask = 2147483647;
			files = (
			);
			runOnlyForDeploymentPostprocessing = 0;
		};
/* End PBXFrameworksBuildPhase section */

/* Begin PBXGroup section */
		E90A6DC1297BFF60009A1788 = {
			isa = PBXGroup;
			children = (
				E90A6DCC297BFF60009A1788 /* CaseStudy */,
				E90A6DE3297BFF61009A1788 /* CaseStudyTests */,
				E90A6DED297BFF61009A1788 /* CaseStudyUITests */,
				E90A6DCB297BFF60009A1788 /* Products */,
			);
			sourceTree = "<group>";
		};
		E90A6DCB297BFF60009A1788 /* Products */ = {
			isa = PBXGroup;
			children = (
				E90A6DCA297BFF60009A1788 /* CaseStudy.app */,
				E90A6DE0297BFF61009A1788 /* CaseStudyTests.xctest */,
				E90A6DEA297BFF61009A1788 /* CaseStudyUITests.xctest */,
			);
			name = Products;
			sourceTree = "<group>";
		};
		E90A6DCC297BFF60009A1788 /* CaseStudy */ = {
			isa = PBXGroup;
			children = (
				E90A6DCD297BFF60009A1788 /* AppDelegate.swift */,
				E90A6DCF297BFF60009A1788 /* SceneDelegate.swift */,
				E90A6DD1297BFF60009A1788 /* ViewController.swift */,
				E90A6DD3297BFF60009A1788 /* Main.storyboard */,
				E90A6DD6297BFF61009A1788 /* Assets.xcassets */,
				E90A6DD8297BFF61009A1788 /* LaunchScreen.storyboard */,
				E90A6DDB297BFF61009A1788 /* Info.plist */,
			);
			path = CaseStudy;
			sourceTree = "<group>";
		};
		E90A6DE3297BFF61009A1788 /* CaseStudyTests */ = {
			isa = PBXGroup;
			children = (
				E90A6DE4297BFF61009A1788 /* CaseStudyTests.swift */,
			);
			path = CaseStudyTests;
			sourceTree = "<group>";
		};
		E90A6DED297BFF61009A1788 /* CaseStudyUITests */ = {
			isa = PBXGroup;
			children = (
				E90A6DEE297BFF61009A1788 /* CaseStudyUITests.swift */,
				E90A6DF0297BFF61009A1788 /* CaseStudyUITestsLaunchTests.swift */,
			);
			path = CaseStudyUITests;
			sourceTree = "<group>";
		};
/* End PBXGroup section */

/* Begin PBXNativeTarget section */
		E90A6DC9297BFF60009A1788 /* CaseStudy */ = {
			isa = PBXNativeTarget;
			buildConfigurationList = E90A6DF4297BFF61009A1788 /* Build configuration list for PBXNativeTarget "CaseStudy" */;
			buildPhases = (
				E90A6DC6297BFF60009A1788 /* Sources */,
				E90A6DC7297BFF60009A1788 /* Frameworks */,
				E90A6DC8297BFF60009A1788 /* Resources */,
			);
			buildRules = (
			);
			dependencies = (
			);
			name = CaseStudy;
			productName = CaseStudy;
			productReference = E90A6DCA297BFF60009A1788 /* CaseStudy.app */;
			productType = "com.apple.product-type.application";
		};
		E90A6DDF297BFF61009A1788 /* CaseStudyTests */ = {
			isa = PBXNativeTarget;
			buildConfigurationList = E90A6DF7297BFF61009A1788 /* Build configuration list for PBXNativeTarget "CaseStudyTests" */;
			buildPhases = (
				E90A6DDC297BFF61009A1788 /* Sources */,
				E90A6DDD297BFF61009A1788 /* Frameworks */,
				E90A6DDE297BFF61009A1788 /* Resources */,
			);
			buildRules = (
			);
			dependencies = (
				E90A6DE2297BFF61009A1788 /* PBXTargetDependency */,
			);
			name = CaseStudyTests;
			productName = CaseStudyTests;
			productReference = E90A6DE0297BFF61009A1788 /* CaseStudyTests.xctest */;
			productType = "com.apple.product-type.bundle.unit-test";
		};
		E90A6DE9297BFF61009A1788 /* CaseStudyUITests */ = {
			isa = PBXNativeTarget;
			buildConfigurationList = E90A6DFA297BFF61009A1788 /* Build configuration list for PBXNativeTarget "CaseStudyUITests" */;
			buildPhases = (
				E90A6DE6297BFF61009A1788 /* Sources */,
				E90A6DE7297BFF61009A1788 /* Frameworks */,
				E90A6DE8297BFF61009A1788 /* Resources */,
			);
			buildRules = (
			);
			dependencies = (
				E90A6DEC297BFF61009A1788 /* PBXTargetDependency */,
			);
			name = CaseStudyUITests;
			productName = CaseStudyUITests;
			productReference = E90A6DEA297BFF61009A1788 /* CaseStudyUITests.xctest */;
			productType = "com.apple.product-type.bundle.ui-testing";
		};
/* End PBXNativeTarget section */

/* Begin PBXProject section */
		E90A6DC2297BFF60009A1788 /* Project object */ = {
			isa = PBXProject;
			attributes = {
				BuildIndependentTargetsInParallel = 1;
				LastSwiftUpdateCheck = 1410;
				LastUpgradeCheck = 1410;
				TargetAttributes = {
					E90A6DC9297BFF60009A1788 = {
						CreatedOnToolsVersion = 14.1;
					};
					E90A6DDF297BFF61009A1788 = {
						CreatedOnToolsVersion = 14.1;
						TestTargetID = E90A6DC9297BFF60009A1788;
					};
					E90A6DE9297BFF61009A1788 = {
						CreatedOnToolsVersion = 14.1;
						TestTargetID = E90A6DC9297BFF60009A1788;
					};
				};
			};
			buildConfigurationList = E90A6DC5297BFF60009A1788 /* Build configuration list for PBXProject "CaseStudy" */;
			compatibilityVersion = "Xcode 14.0";
			developmentRegion = en;
			hasScannedForEncodings = 0;
			knownRegions = (
				en,
				Base,
			);
			mainGroup = E90A6DC1297BFF60009A1788;
			productRefGroup = E90A6DCB297BFF60009A1788 /* Products */;
			projectDirPath = "";
			projectRoot = "";
			targets = (
				E90A6DC9297BFF60009A1788 /* CaseStudy */,
				E90A6DDF297BFF61009A1788 /* CaseStudyTests */,
				E90A6DE9297BFF61009A1788 /* CaseStudyUITests */,
			);
		};
/* End PBXProject section */

/* Begin PBXResourcesBuildPhase section */
		E90A6DC8297BFF60009A1788 /* Resources */ = {
			isa = PBXResourcesBuildPhase;
			buildActionMask = 2147483647;
			files = (
				E90A6DDA297BFF61009A1788 /* LaunchScreen.storyboard in Resources */,
				E90A6DD7297BFF61009A1788 /* Assets.xcassets in Resources */,
				E90A6DD5297BFF60009A1788 /* Main.storyboard in Resources */,
			);
			runOnlyForDeploymentPostprocessing = 0;
		};
		E90A6DDE297BFF61009A1788 /* Resources */ = {
			isa = PBXResourcesBuildPhase;
			buildActionMask = 2147483647;
			files = (
			);
			runOnlyForDeploymentPostprocessing = 0;
		};
		E90A6DE8297BFF61009A1788 /* Resources */ = {
			isa = PBXResourcesBuildPhase;
			buildActionMask = 2147483647;
			files = (
			);
			runOnlyForDeploymentPostprocessing = 0;
		};
/* End PBXResourcesBuildPhase section */

/* Begin PBXSourcesBuildPhase section */
		E90A6DC6297BFF60009A1788 /* Sources */ = {
			isa = PBXSourcesBuildPhase;
			buildActionMask = 2147483647;
			files = (
				E90A6DD2297BFF60009A1788 /* ViewController.swift in Sources */,
				E90A6DCE297BFF60009A1788 /* AppDelegate.swift in Sources */,
				E90A6DD0297BFF60009A1788 /* SceneDelegate.swift in Sources */,
			);
			runOnlyForDeploymentPostprocessing = 0;
		};
		E90A6DDC297BFF61009A1788 /* Sources */ = {
			isa = PBXSourcesBuildPhase;
			buildActionMask = 2147483647;
			files = (
				E90A6DE5297BFF61009A1788 /* CaseStudyTests.swift in Sources */,
			);
			runOnlyForDeploymentPostprocessing = 0;
		};
		E90A6DE6297BFF61009A1788 /* Sources */ = {
			isa = PBXSourcesBuildPhase;
			buildActionMask = 2147483647;
			files = (
				E90A6DF1297BFF61009A1788 /* CaseStudyUITestsLaunchTests.swift in Sources */,
				E90A6DEF297BFF61009A1788 /* CaseStudyUITests.swift in Sources */,
			);
			runOnlyForDeploymentPostprocessing = 0;
		};
/* End PBXSourcesBuildPhase section */

/* Begin PBXTargetDependency section */
		E90A6DE2297BFF61009A1788 /* PBXTargetDependency */ = {
			isa = PBXTargetDependency;
			target = E90A6DC9297BFF60009A1788 /* CaseStudy */;
			targetProxy = E90A6DE1297BFF61009A1788 /* PBXContainerItemProxy */;
		};
		E90A6DEC297BFF61009A1788 /* PBXTargetDependency */ = {
			isa = PBXTargetDependency;
			target = E90A6DC9297BFF60009A1788 /* CaseStudy */;
			targetProxy = E90A6DEB297BFF61009A1788 /* PBXContainerItemProxy */;
		};
/* End PBXTargetDependency section */

/* Begin PBXVariantGroup section */
		E90A6DD3297BFF60009A1788 /* Main.storyboard */ = {
			isa = PBXVariantGroup;
			children = (
				E90A6DD4297BFF60009A1788 /* Base */,
			);
			name = Main.storyboard;
			sourceTree = "<group>";
		};
		E90A6DD8297BFF61009A1788 /* LaunchScreen.storyboard */ = {
			isa = PBXVariantGroup;
			children = (
				E90A6DD9297BFF61009A1788 /* Base */,
			);
			name = LaunchScreen.storyboard;
			sourceTree = "<group>";
		};
/* End PBXVariantGroup section */

/* Begin XCBuildConfiguration section */
		E90A6DF2297BFF61009A1788 /* Debug */ = {
			isa = XCBuildConfiguration;
			buildSettings = {
				ALWAYS_SEARCH_USER_PATHS = NO;
				CLANG_ANALYZER_NONNULL = YES;
				CLANG_ANALYZER_NUMBER_OBJECT_CONVERSION = YES_AGGRESSIVE;
				CLANG_CXX_LANGUAGE_STANDARD = "gnu++20";
				CLANG_ENABLE_MODULES = YES;
				CLANG_ENABLE_OBJC_ARC = YES;
				CLANG_ENABLE_OBJC_WEAK = YES;
				CLANG_WARN_BLOCK_CAPTURE_AUTORELEASING = YES;
				CLANG_WARN_BOOL_CONVERSION = YES;
				CLANG_WARN_COMMA = YES;
				CLANG_WARN_CONSTANT_CONVERSION = YES;
				CLANG_WARN_DEPRECATED_OBJC_IMPLEMENTATIONS = YES;
				CLANG_WARN_DIRECT_OBJC_ISA_USAGE = YES_ERROR;
				CLANG_WARN_DOCUMENTATION_COMMENTS = YES;
				CLANG_WARN_EMPTY_BODY = YES;
				CLANG_WARN_ENUM_CONVERSION = YES;
				CLANG_WARN_INFINITE_RECURSION = YES;
				CLANG_WARN_INT_CONVERSION = YES;
				CLANG_WARN_NON_LITERAL_NULL_CONVERSION = YES;
				CLANG_WARN_OBJC_IMPLICIT_RETAIN_SELF = YES;
				CLANG_WARN_OBJC_LITERAL_CONVERSION = YES;
				CLANG_WARN_OBJC_ROOT_CLASS = YES_ERROR;
				CLANG_WARN_QUOTED_INCLUDE_IN_FRAMEWORK_HEADER = YES;
				CLANG_WARN_RANGE_LOOP_ANALYSIS = YES;
				CLANG_WARN_STRICT_PROTOTYPES = YES;
				CLANG_WARN_SUSPICIOUS_MOVE = YES;
				CLANG_WARN_UNGUARDED_AVAILABILITY = YES_AGGRESSIVE;
				CLANG_WARN_UNREACHABLE_CODE = YES;
				CLANG_WARN__DUPLICATE_METHOD_MATCH = YES;
				COPY_PHASE_STRIP = NO;
				DEBUG_INFORMATION_FORMAT = dwarf;
				ENABLE_STRICT_OBJC_MSGSEND = YES;
				ENABLE_TESTABILITY = YES;
				GCC_C_LANGUAGE_STANDARD = gnu11;
				GCC_DYNAMIC_NO_PIC = NO;
				GCC_NO_COMMON_BLOCKS = YES;
				GCC_OPTIMIZATION_LEVEL = 0;
				GCC_PREPROCESSOR_DEFINITIONS = (
					"DEBUG=1",
					"$(inherited)",
				);
				GCC_WARN_64_TO_32_BIT_CONVERSION = YES;
				GCC_WARN_ABOUT_RETURN_TYPE = YES_ERROR;
				GCC_WARN_UNDECLARED_SELECTOR = YES;
				GCC_WARN_UNINITIALIZED_AUTOS = YES_AGGRESSIVE;
				GCC_WARN_UNUSED_FUNCTION = YES;
				GCC_WARN_UNUSED_VARIABLE = YES;
				IPHONEOS_DEPLOYMENT_TARGET = 16.1;
				MTL_ENABLE_DEBUG_INFO = INCLUDE_SOURCE;
				MTL_FAST_MATH = YES;
				ONLY_ACTIVE_ARCH = YES;
				SDKROOT = iphoneos;
				SWIFT_ACTIVE_COMPILATION_CONDITIONS = DEBUG;
				SWIFT_OPTIMIZATION_LEVEL = "-Onone";
			};
			name = Debug;
		};
		E90A6DF3297BFF61009A1788 /* Release */ = {
			isa = XCBuildConfiguration;
			buildSettings = {
				ALWAYS_SEARCH_USER_PATHS = NO;
				CLANG_ANALYZER_NONNULL = YES;
				CLANG_ANALYZER_NUMBER_OBJECT_CONVERSION = YES_AGGRESSIVE;
				CLANG_CXX_LANGUAGE_STANDARD = "gnu++20";
				CLANG_ENABLE_MODULES = YES;
				CLANG_ENABLE_OBJC_ARC = YES;
				CLANG_ENABLE_OBJC_WEAK = YES;
				CLANG_WARN_BLOCK_CAPTURE_AUTORELEASING = YES;
				CLANG_WARN_BOOL_CONVERSION = YES;
				CLANG_WARN_COMMA = YES;
				CLANG_WARN_CONSTANT_CONVERSION = YES;
				CLANG_WARN_DEPRECATED_OBJC_IMPLEMENTATIONS = YES;
				CLANG_WARN_DIRECT_OBJC_ISA_USAGE = YES_ERROR;
				CLANG_WARN_DOCUMENTATION_COMMENTS = YES;
				CLANG_WARN_EMPTY_BODY = YES;
				CLANG_WARN_ENUM_CONVERSION = YES;
				CLANG_WARN_INFINITE_RECURSION = YES;
				CLANG_WARN_INT_CONVERSION = YES;
				CLANG_WARN_NON_LITERAL_NULL_CONVERSION = YES;
				CLANG_WARN_OBJC_IMPLICIT_RETAIN_SELF = YES;
				CLANG_WARN_OBJC_LITERAL_CONVERSION = YES;
				CLANG_WARN_OBJC_ROOT_CLASS = YES_ERROR;
				CLANG_WARN_QUOTED_INCLUDE_IN_FRAMEWORK_HEADER = YES;
				CLANG_WARN_RANGE_LOOP_ANALYSIS = YES;
				CLANG_WARN_STRICT_PROTOTYPES = YES;
				CLANG_WARN_SUSPICIOUS_MOVE = YES;
				CLANG_WARN_UNGUARDED_AVAILABILITY = YES_AGGRESSIVE;
				CLANG_WARN_UNREACHABLE_CODE = YES;
				CLANG_WARN__DUPLICATE_METHOD_MATCH = YES;
				COPY_PHASE_STRIP = NO;
				DEBUG_INFORMATION_FORMAT = "dwarf-with-dsym";
				ENABLE_NS_ASSERTIONS = NO;
				ENABLE_STRICT_OBJC_MSGSEND = YES;
				GCC_C_LANGUAGE_STANDARD = gnu11;
				GCC_NO_COMMON_BLOCKS = YES;
				GCC_WARN_64_TO_32_BIT_CONVERSION = YES;
				GCC_WARN_ABOUT_RETURN_TYPE = YES_ERROR;
				GCC_WARN_UNDECLARED_SELECTOR = YES;
				GCC_WARN_UNINITIALIZED_AUTOS = YES_AGGRESSIVE;
				GCC_WARN_UNUSED_FUNCTION = YES;
				GCC_WARN_UNUSED_VARIABLE = YES;
				IPHONEOS_DEPLOYMENT_TARGET = 16.1;
				MTL_ENABLE_DEBUG_INFO = NO;
				MTL_FAST_MATH = YES;
				SDKROOT = iphoneos;
				SWIFT_COMPILATION_MODE = wholemodule;
				SWIFT_OPTIMIZATION_LEVEL = "-O";
				VALIDATE_PRODUCT = YES;
			};
			name = Release;
		};
		E90A6DF5297BFF61009A1788 /* Debug */ = {
			isa = XCBuildConfiguration;
			buildSettings = {
				ASSETCATALOG_COMPILER_APPICON_NAME = AppIcon;
				ASSETCATALOG_COMPILER_GLOBAL_ACCENT_COLOR_NAME = AccentColor;
				CODE_SIGN_STYLE = Automatic;
				CURRENT_PROJECT_VERSION = 1;
				DEVELOPMENT_TEAM = NJ5HM974QD;
				GENERATE_INFOPLIST_FILE = YES;
				INFOPLIST_FILE = CaseStudy/Info.plist;
				INFOPLIST_KEY_UIApplicationSupportsIndirectInputEvents = YES;
				INFOPLIST_KEY_UILaunchStoryboardName = LaunchScreen;
				INFOPLIST_KEY_UIMainStoryboardFile = Main;
				INFOPLIST_KEY_UISupportedInterfaceOrientations_iPad = "UIInterfaceOrientationPortrait UIInterfaceOrientationPortraitUpsideDown UIInterfaceOrientationLandscapeLeft UIInterfaceOrientationLandscapeRight";
				INFOPLIST_KEY_UISupportedInterfaceOrientations_iPhone = "UIInterfaceOrientationPortrait UIInterfaceOrientationLandscapeLeft UIInterfaceOrientationLandscapeRight";
				LD_RUNPATH_SEARCH_PATHS = (
					"$(inherited)",
					"@executable_path/Frameworks",
				);
				MARKETING_VERSION = 1.0;
				PRODUCT_BUNDLE_IDENTIFIER = com.definex.CaseStudy;
				PRODUCT_NAME = "$(TARGET_NAME)";
				SWIFT_EMIT_LOC_STRINGS = YES;
				SWIFT_VERSION = 5.0;
				TARGETED_DEVICE_FAMILY = "1,2";
			};
			name = Debug;
		};
		E90A6DF6297BFF61009A1788 /* Release */ = {
			isa = XCBuildConfiguration;
			buildSettings = {
				ASSETCATALOG_COMPILER_APPICON_NAME = AppIcon;
				ASSETCATALOG_COMPILER_GLOBAL_ACCENT_COLOR_NAME = AccentColor;
				CODE_SIGN_STYLE = Automatic;
				CURRENT_PROJECT_VERSION = 1;
				DEVELOPMENT_TEAM = NJ5HM974QD;
				GENERATE_INFOPLIST_FILE = YES;
				INFOPLIST_FILE = CaseStudy/Info.plist;
				INFOPLIST_KEY_UIApplicationSupportsIndirectInputEvents = YES;
				INFOPLIST_KEY_UILaunchStoryboardName = LaunchScreen;
				INFOPLIST_KEY_UIMainStoryboardFile = Main;
				INFOPLIST_KEY_UISupportedInterfaceOrientations_iPad = "UIInterfaceOrientationPortrait UIInterfaceOrientationPortraitUpsideDown UIInterfaceOrientationLandscapeLeft UIInterfaceOrientationLandscapeRight";
				INFOPLIST_KEY_UISupportedInterfaceOrientations_iPhone = "UIInterfaceOrientationPortrait UIInterfaceOrientationLandscapeLeft UIInterfaceOrientationLandscapeRight";
				LD_RUNPATH_SEARCH_PATHS = (
					"$(inherited)",
					"@executable_path/Frameworks",
				);
				MARKETING_VERSION = 1.0;
				PRODUCT_BUNDLE_IDENTIFIER = com.definex.CaseStudy;
				PRODUCT_NAME = "$(TARGET_NAME)";
				SWIFT_EMIT_LOC_STRINGS = YES;
				SWIFT_VERSION = 5.0;
				TARGETED_DEVICE_FAMILY = "1,2";
			};
			name = Release;
		};
		E90A6DF8297BFF61009A1788 /* Debug */ = {
			isa = XCBuildConfiguration;
			buildSettings = {
				ALWAYS_EMBED_SWIFT_STANDARD_LIBRARIES = YES;
				BUNDLE_LOADER = "$(TEST_HOST)";
				CODE_SIGN_STYLE = Automatic;
				CURRENT_PROJECT_VERSION = 1;
				DEVELOPMENT_TEAM = NJ5HM974QD;
				GENERATE_INFOPLIST_FILE = YES;
				IPHONEOS_DEPLOYMENT_TARGET = 16.1;
				MARKETING_VERSION = 1.0;
				PRODUCT_BUNDLE_IDENTIFIER = com.definex.CaseStudyTests;
				PRODUCT_NAME = "$(TARGET_NAME)";
				SWIFT_EMIT_LOC_STRINGS = NO;
				SWIFT_VERSION = 5.0;
				TARGETED_DEVICE_FAMILY = "1,2";
				TEST_HOST = "$(BUILT_PRODUCTS_DIR)/CaseStudy.app/$(BUNDLE_EXECUTABLE_FOLDER_PATH)/CaseStudy";
			};
			name = Debug;
		};
		E90A6DF9297BFF61009A1788 /* Release */ = {
			isa = XCBuildConfiguration;
			buildSettings = {
				ALWAYS_EMBED_SWIFT_STANDARD_LIBRARIES = YES;
				BUNDLE_LOADER = "$(TEST_HOST)";
				CODE_SIGN_STYLE = Automatic;
				CURRENT_PROJECT_VERSION = 1;
				DEVELOPMENT_TEAM = NJ5HM974QD;
				GENERATE_INFOPLIST_FILE = YES;
				IPHONEOS_DEPLOYMENT_TARGET = 16.1;
				MARKETING_VERSION = 1.0;
				PRODUCT_BUNDLE_IDENTIFIER = com.definex.CaseStudyTests;
				PRODUCT_NAME = "$(TARGET_NAME)";
				SWIFT_EMIT_LOC_STRINGS = NO;
				SWIFT_VERSION = 5.0;
				TARGETED_DEVICE_FAMILY = "1,2";
				TEST_HOST = "$(BUILT_PRODUCTS_DIR)/CaseStudy.app/$(BUNDLE_EXECUTABLE_FOLDER_PATH)/CaseStudy";
			};
			name = Release;
		};
		E90A6DFB297BFF61009A1788 /* Debug */ = {
			isa = XCBuildConfiguration;
			buildSettings = {
				ALWAYS_EMBED_SWIFT_STANDARD_LIBRARIES = YES;
				CODE_SIGN_STYLE = Automatic;
				CURRENT_PROJECT_VERSION = 1;
				DEVELOPMENT_TEAM = NJ5HM974QD;
				GENERATE_INFOPLIST_FILE = YES;
				MARKETING_VERSION = 1.0;
				PRODUCT_BUNDLE_IDENTIFIER = com.definex.CaseStudyUITests;
				PRODUCT_NAME = "$(TARGET_NAME)";
				SWIFT_EMIT_LOC_STRINGS = NO;
				SWIFT_VERSION = 5.0;
				TARGETED_DEVICE_FAMILY = "1,2";
				TEST_TARGET_NAME = CaseStudy;
			};
			name = Debug;
		};
		E90A6DFC297BFF61009A1788 /* Release */ = {
			isa = XCBuildConfiguration;
			buildSettings = {
				ALWAYS_EMBED_SWIFT_STANDARD_LIBRARIES = YES;
				CODE_SIGN_STYLE = Automatic;
				CURRENT_PROJECT_VERSION = 1;
				DEVELOPMENT_TEAM = NJ5HM974QD;
				GENERATE_INFOPLIST_FILE = YES;
				MARKETING_VERSION = 1.0;
				PRODUCT_BUNDLE_IDENTIFIER = com.definex.CaseStudyUITests;
				PRODUCT_NAME = "$(TARGET_NAME)";
				SWIFT_EMIT_LOC_STRINGS = NO;
				SWIFT_VERSION = 5.0;
				TARGETED_DEVICE_FAMILY = "1,2";
				TEST_TARGET_NAME = CaseStudy;
			};
			name = Release;
		};
/* End XCBuildConfiguration section */

/* Begin XCConfigurationList section */
		E90A6DC5297BFF60009A1788 /* Build configuration list for PBXProject "CaseStudy" */ = {
			isa = XCConfigurationList;
			buildConfigurations = (
				E90A6DF2297BFF61009A1788 /* Debug */,
				E90A6DF3297BFF61009A1788 /* Release */,
			);
			defaultConfigurationIsVisible = 0;
			defaultConfigurationName = Release;
		};
		E90A6DF4297BFF61009A1788 /* Build configuration list for PBXNativeTarget "CaseStudy" */ = {
			isa = XCConfigurationList;
			buildConfigurations = (
				E90A6DF5297BFF61009A1788 /* Debug */,
				E90A6DF6297BFF61009A1788 /* Release */,
			);
			defaultConfigurationIsVisible = 0;
			defaultConfigurationName = Release;
		};
		E90A6DF7297BFF61009A1788 /* Build configuration list for PBXNativeTarget "CaseStudyTests" */ = {
			isa = XCConfigurationList;
			buildConfigurations = (
				E90A6DF8297BFF61009A1788 /* Debug */,
				E90A6DF9297BFF61009A1788 /* Release */,
			);
			defaultConfigurationIsVisible = 0;
			defaultConfigurationName = Release;
		};
		E90A6DFA297BFF61009A1788 /* Build configuration list for PBXNativeTarget "CaseStudyUITests" */ = {
			isa = XCConfigurationList;
			buildConfigurations = (
				E90A6DFB297BFF61009A1788 /* Debug */,
				E90A6DFC297BFF61009A1788 /* Release */,
			);
			defaultConfigurationIsVisible = 0;
			defaultConfigurationName = Release;
		};
/* End XCConfigurationList section */
	};
	rootObject = E90A6DC2297BFF60009A1788 /* Project object */;
}
